// !$*UTF8*$!
{
	archiveVersion = 1;
	classes = {
	};
	objectVersion = 46;
	objects = {

/* Begin PBXBuildFile section */
		0AC19EB516B4652300FC5541 /* LobbyScene.m in Sources */ = {isa = PBXBuildFile; fileRef = 0AC19EB416B4652300FC5541 /* LobbyScene.m */; };
		0AC19EB616B4670300FC5541 /* LobbyScene.m in Sources */ = {isa = PBXBuildFile; fileRef = 0AC19EB416B4652300FC5541 /* LobbyScene.m */; };
		0AC19F4216B46D0F00FC5541 /* start-menu-button-hd.png in Resources */ = {isa = PBXBuildFile; fileRef = 0AC19F3E16B46D0F00FC5541 /* start-menu-button-hd.png */; };
		0AC19F4316B46D0F00FC5541 /* start-menu-button-pressed-hd.png in Resources */ = {isa = PBXBuildFile; fileRef = 0AC19F3F16B46D0F00FC5541 /* start-menu-button-pressed-hd.png */; };
		0AC19F4416B46D0F00FC5541 /* start-menu-button-pressed.png in Resources */ = {isa = PBXBuildFile; fileRef = 0AC19F4016B46D0F00FC5541 /* start-menu-button-pressed.png */; };
		0AC19F4516B46D0F00FC5541 /* start-menu-button.png in Resources */ = {isa = PBXBuildFile; fileRef = 0AC19F4116B46D0F00FC5541 /* start-menu-button.png */; };
		0AC19F4C16B46E4200FC5541 /* GameScene.m in Sources */ = {isa = PBXBuildFile; fileRef = 0AC19F4716B46E4200FC5541 /* GameScene.m */; };
		0AC19F4D16B46E4200FC5541 /* MainMenuScene.m in Sources */ = {isa = PBXBuildFile; fileRef = 0AC19F4916B46E4200FC5541 /* MainMenuScene.m */; };
		0AC19F4E16B46E4200FC5541 /* ResultsScene.m in Sources */ = {isa = PBXBuildFile; fileRef = 0AC19F4B16B46E4200FC5541 /* ResultsScene.m */; };
		0AC19F4F16B46F2100FC5541 /* MainMenuScene.m in Sources */ = {isa = PBXBuildFile; fileRef = 0AC19F4916B46E4200FC5541 /* MainMenuScene.m */; };
		0AC19F5016B46F2600FC5541 /* ResultsScene.m in Sources */ = {isa = PBXBuildFile; fileRef = 0AC19F4B16B46E4200FC5541 /* ResultsScene.m */; };
		0AC19F5116B46F8600FC5541 /* GameScene.m in Sources */ = {isa = PBXBuildFile; fileRef = 0AC19F4716B46E4200FC5541 /* GameScene.m */; };
		9CAB47CE16B39AC50061047A /* QuartzCore.framework in Frameworks */ = {isa = PBXBuildFile; fileRef = 9CAB47CD16B39AC50061047A /* QuartzCore.framework */; };
		9CAB47D016B39AC50061047A /* OpenGLES.framework in Frameworks */ = {isa = PBXBuildFile; fileRef = 9CAB47CF16B39AC50061047A /* OpenGLES.framework */; };
		9CAB47D216B39AC50061047A /* OpenAL.framework in Frameworks */ = {isa = PBXBuildFile; fileRef = 9CAB47D116B39AC50061047A /* OpenAL.framework */; };
		9CAB47D416B39AC50061047A /* AudioToolbox.framework in Frameworks */ = {isa = PBXBuildFile; fileRef = 9CAB47D316B39AC50061047A /* AudioToolbox.framework */; };
		9CAB47D616B39AC50061047A /* AVFoundation.framework in Frameworks */ = {isa = PBXBuildFile; fileRef = 9CAB47D516B39AC50061047A /* AVFoundation.framework */; };
		9CAB47D816B39AC50061047A /* UIKit.framework in Frameworks */ = {isa = PBXBuildFile; fileRef = 9CAB47D716B39AC50061047A /* UIKit.framework */; };
		9CAB47DA16B39AC50061047A /* Foundation.framework in Frameworks */ = {isa = PBXBuildFile; fileRef = 9CAB47D916B39AC50061047A /* Foundation.framework */; };
		9CAB47DC16B39AC50061047A /* CoreGraphics.framework in Frameworks */ = {isa = PBXBuildFile; fileRef = 9CAB47DB16B39AC50061047A /* CoreGraphics.framework */; };
		9CAB47DE16B39AC50061047A /* GameKit.framework in Frameworks */ = {isa = PBXBuildFile; fileRef = 9CAB47DD16B39AC50061047A /* GameKit.framework */; };
		9CAB47E216B39AC50061047A /* Default.png in Resources */ = {isa = PBXBuildFile; fileRef = 9CAB47E116B39AC50061047A /* Default.png */; };
		9CAB47E416B39AC50061047A /* Default-Landscape~ipad.png in Resources */ = {isa = PBXBuildFile; fileRef = 9CAB47E316B39AC50061047A /* Default-Landscape~ipad.png */; };
		9CAB47E616B39AC50061047A /* fps_images.png in Resources */ = {isa = PBXBuildFile; fileRef = 9CAB47E516B39AC50061047A /* fps_images.png */; };
		9CAB47E816B39AC50061047A /* fps_images-hd.png in Resources */ = {isa = PBXBuildFile; fileRef = 9CAB47E716B39AC50061047A /* fps_images-hd.png */; };
		9CAB47EA16B39AC50061047A /* fps_images-ipadhd.png in Resources */ = {isa = PBXBuildFile; fileRef = 9CAB47E916B39AC50061047A /* fps_images-ipadhd.png */; };
		9CAB47EC16B39AC50061047A /* Icon-72.png in Resources */ = {isa = PBXBuildFile; fileRef = 9CAB47EB16B39AC50061047A /* Icon-72.png */; };
		9CAB47EE16B39AC50061047A /* Icon-Small-50.png in Resources */ = {isa = PBXBuildFile; fileRef = 9CAB47ED16B39AC50061047A /* Icon-Small-50.png */; };
		9CAB47F016B39AC50061047A /* Icon-Small.png in Resources */ = {isa = PBXBuildFile; fileRef = 9CAB47EF16B39AC50061047A /* Icon-Small.png */; };
		9CAB47F216B39AC50061047A /* Icon-Small@2x.png in Resources */ = {isa = PBXBuildFile; fileRef = 9CAB47F116B39AC50061047A /* Icon-Small@2x.png */; };
		9CAB47F416B39AC50061047A /* Icon.png in Resources */ = {isa = PBXBuildFile; fileRef = 9CAB47F316B39AC50061047A /* Icon.png */; };
		9CAB47F616B39AC50061047A /* Icon@2x.png in Resources */ = {isa = PBXBuildFile; fileRef = 9CAB47F516B39AC50061047A /* Icon@2x.png */; };
		9CAB47F916B39AC50061047A /* iTunesArtwork in Resources */ = {isa = PBXBuildFile; fileRef = 9CAB47F816B39AC50061047A /* iTunesArtwork */; };
		9CAB495616B39AC70061047A /* main.m in Sources */ = {isa = PBXBuildFile; fileRef = 9CAB495516B39AC70061047A /* main.m */; };
		9CAB495916B39AC70061047A /* AppDelegate.m in Sources */ = {isa = PBXBuildFile; fileRef = 9CAB495816B39AC70061047A /* AppDelegate.m */; };
		9CAB4C2916B3C6030061047A /* libcocos2d.a in Frameworks */ = {isa = PBXBuildFile; fileRef = 9CAB4BBD16B3C5D30061047A /* libcocos2d.a */; };
		9CAB4C2A16B3C6030061047A /* libCocosDenshion.a in Frameworks */ = {isa = PBXBuildFile; fileRef = 9CAB4BC116B3C5D30061047A /* libCocosDenshion.a */; };
		9CAB4CA616B3C79E0061047A /* libkazmath.a in Frameworks */ = {isa = PBXBuildFile; fileRef = 9CAB4BC316B3C5D30061047A /* libkazmath.a */; };
		9CAB4CA716B3C7A20061047A /* liblibpng.a in Frameworks */ = {isa = PBXBuildFile; fileRef = 9CAB4BC516B3C5D30061047A /* liblibpng.a */; };
		9CAB4E9416B470A40061047A /* GameBackgroundLayer.m in Sources */ = {isa = PBXBuildFile; fileRef = 9CAB4E9316B470A40061047A /* GameBackgroundLayer.m */; };
		9CAB4E9716B470D80061047A /* GameGestureLayer.m in Sources */ = {isa = PBXBuildFile; fileRef = 9CAB4E9616B470D80061047A /* GameGestureLayer.m */; };
		9CAB4E9B16B4713D0061047A /* GameMonsterLayer.m in Sources */ = {isa = PBXBuildFile; fileRef = 9CAB4E9A16B4713D0061047A /* GameMonsterLayer.m */; };
		9CAB4E9E16B471520061047A /* GameHUDLayer.m in Sources */ = {isa = PBXBuildFile; fileRef = 9CAB4E9D16B471510061047A /* GameHUDLayer.m */; };
		9CAB4F9016B490D40061047A /* gameMonster_placeholder-hd.png in Resources */ = {isa = PBXBuildFile; fileRef = 9CAB4F8E16B490D40061047A /* gameMonster_placeholder-hd.png */; };
		9CAB4F9116B490D40061047A /* gameMonster_placeholder.png in Resources */ = {isa = PBXBuildFile; fileRef = 9CAB4F8F16B490D40061047A /* gameMonster_placeholder.png */; };
		9CAB4F9416B492770061047A /* GameHeroLayer.m in Sources */ = {isa = PBXBuildFile; fileRef = 9CAB4F9316B492760061047A /* GameHeroLayer.m */; };
		9CAB4F9716B49AED0061047A /* gameHero_placeholder-hd.png in Resources */ = {isa = PBXBuildFile; fileRef = 9CAB4F9516B49AED0061047A /* gameHero_placeholder-hd.png */; };
		9CAB4F9816B49AED0061047A /* gameHero_placeholder.png in Resources */ = {isa = PBXBuildFile; fileRef = 9CAB4F9616B49AED0061047A /* gameHero_placeholder.png */; };
		9CAB4F9F16B49C580061047A /* gameBackground1-hd.png in Resources */ = {isa = PBXBuildFile; fileRef = 9CAB4F9916B49C580061047A /* gameBackground1-hd.png */; };
		9CAB4FA016B49C580061047A /* gameBackground1.png in Resources */ = {isa = PBXBuildFile; fileRef = 9CAB4F9A16B49C580061047A /* gameBackground1.png */; };
		9CAB4FA116B49C580061047A /* gameBackground2-hd.png in Resources */ = {isa = PBXBuildFile; fileRef = 9CAB4F9B16B49C580061047A /* gameBackground2-hd.png */; };
		9CAB4FA216B49C580061047A /* gameBackground2.png in Resources */ = {isa = PBXBuildFile; fileRef = 9CAB4F9C16B49C580061047A /* gameBackground2.png */; };
		9CAB4FA316B49C580061047A /* gameBackgroundCloud-hd.png in Resources */ = {isa = PBXBuildFile; fileRef = 9CAB4F9D16B49C580061047A /* gameBackgroundCloud-hd.png */; };
		9CAB4FA416B49C580061047A /* gameBackgroundCloud.png in Resources */ = {isa = PBXBuildFile; fileRef = 9CAB4F9E16B49C580061047A /* gameBackgroundCloud.png */; };
		B354826816B3A75A004ECF7C /* UIKit.framework in Frameworks */ = {isa = PBXBuildFile; fileRef = 9CAB47D716B39AC50061047A /* UIKit.framework */; };
		B354826916B3A75A004ECF7C /* Foundation.framework in Frameworks */ = {isa = PBXBuildFile; fileRef = 9CAB47D916B39AC50061047A /* Foundation.framework */; };
		B354826A16B3A75A004ECF7C /* CoreGraphics.framework in Frameworks */ = {isa = PBXBuildFile; fileRef = 9CAB47DB16B39AC50061047A /* CoreGraphics.framework */; };
		B354827016B3A75A004ECF7C /* InfoPlist.strings in Resources */ = {isa = PBXBuildFile; fileRef = B354826E16B3A75A004ECF7C /* InfoPlist.strings */; };
		B354827216B3A75A004ECF7C /* main.m in Sources */ = {isa = PBXBuildFile; fileRef = B354827116B3A75A004ECF7C /* main.m */; };
		B354827616B3A75A004ECF7C /* NetworkTesterAppDelegate.m in Sources */ = {isa = PBXBuildFile; fileRef = B354827516B3A75A004ECF7C /* NetworkTesterAppDelegate.m */; };
		B354827816B3A75A004ECF7C /* Default.png in Resources */ = {isa = PBXBuildFile; fileRef = B354827716B3A75A004ECF7C /* Default.png */; };
		B354827A16B3A75A004ECF7C /* Default@2x.png in Resources */ = {isa = PBXBuildFile; fileRef = B354827916B3A75A004ECF7C /* Default@2x.png */; };
		B354827C16B3A75A004ECF7C /* Default-568h@2x.png in Resources */ = {isa = PBXBuildFile; fileRef = B354827B16B3A75A004ECF7C /* Default-568h@2x.png */; };
		B354828816B3A77C004ECF7C /* SenTestingKit.framework in Frameworks */ = {isa = PBXBuildFile; fileRef = B354828716B3A77C004ECF7C /* SenTestingKit.framework */; };
		B354828916B3A77C004ECF7C /* UIKit.framework in Frameworks */ = {isa = PBXBuildFile; fileRef = 9CAB47D716B39AC50061047A /* UIKit.framework */; };
		B354828A16B3A77C004ECF7C /* Foundation.framework in Frameworks */ = {isa = PBXBuildFile; fileRef = 9CAB47D916B39AC50061047A /* Foundation.framework */; };
		B354829016B3A77C004ECF7C /* InfoPlist.strings in Resources */ = {isa = PBXBuildFile; fileRef = B354828E16B3A77C004ECF7C /* InfoPlist.strings */; };
		B354829316B3A77C004ECF7C /* UnitTests.m in Sources */ = {isa = PBXBuildFile; fileRef = B354829216B3A77C004ECF7C /* UnitTests.m */; };
		B3985A9116B46B8E008081FB /* GameKit.framework in Frameworks */ = {isa = PBXBuildFile; fileRef = 9CAB47DD16B39AC50061047A /* GameKit.framework */; };
		B3985A9516B46BDD008081FB /* GameEngine.m in Sources */ = {isa = PBXBuildFile; fileRef = B3985A9416B46BDD008081FB /* GameEngine.m */; };
		B3985A9616B46BDD008081FB /* GameEngine.m in Sources */ = {isa = PBXBuildFile; fileRef = B3985A9416B46BDD008081FB /* GameEngine.m */; };
		B3985A9A16B46E07008081FB /* NetworkTesterRootViewController.m in Sources */ = {isa = PBXBuildFile; fileRef = B3985A9816B46E07008081FB /* NetworkTesterRootViewController.m */; };
		B3E1FF1516B476B500D940F0 /* NetworkTesterRootViewController.xib in Resources */ = {isa = PBXBuildFile; fileRef = B3E1FF1416B476B500D940F0 /* NetworkTesterRootViewController.xib */; };
		B3E1FF9A16B497A200D940F0 /* Util.m in Sources */ = {isa = PBXBuildFile; fileRef = B3E1FF9916B497A200D940F0 /* Util.m */; };
		B3E1FF9B16B497A200D940F0 /* Util.m in Sources */ = {isa = PBXBuildFile; fileRef = B3E1FF9916B497A200D940F0 /* Util.m */; };
		FF91403D16B4B2BB00A6E22E /* sine440.caf in Resources */ = {isa = PBXBuildFile; fileRef = FF91403C16B4B2BB00A6E22E /* sine440.caf */; };
		FF91403E16B4B2BB00A6E22E /* sine440.caf in Resources */ = {isa = PBXBuildFile; fileRef = FF91403C16B4B2BB00A6E22E /* sine440.caf */; };
/* End PBXBuildFile section */

/* Begin PBXContainerItemProxy section */
		9CAB4BB616B3C5D30061047A /* PBXContainerItemProxy */ = {
			isa = PBXContainerItemProxy;
			containerPortal = 9CAB4B4616B3C5D10061047A /* cocos2d-ios.xcodeproj */;
			proxyType = 2;
			remoteGlobalIDString = 509807081175041800EA7266;
			remoteInfo = "build all tests";
		};
		9CAB4BB816B3C5D30061047A /* PBXContainerItemProxy */ = {
			isa = PBXContainerItemProxy;
			containerPortal = 9CAB4B4616B3C5D10061047A /* cocos2d-ios.xcodeproj */;
			proxyType = 2;
			remoteGlobalIDString = 504225700FC0B39C00B992F7;
			remoteInfo = box2d;
		};
		9CAB4BBA16B3C5D30061047A /* PBXContainerItemProxy */ = {
			isa = PBXContainerItemProxy;
			containerPortal = 9CAB4B4616B3C5D10061047A /* cocos2d-ios.xcodeproj */;
			proxyType = 2;
			remoteGlobalIDString = 50B2C4D10E100AEA00AE9530;
			remoteInfo = Chipmunk;
		};
		9CAB4BBC16B3C5D30061047A /* PBXContainerItemProxy */ = {
			isa = PBXContainerItemProxy;
			containerPortal = 9CAB4B4616B3C5D10061047A /* cocos2d-ios.xcodeproj */;
			proxyType = 2;
			remoteGlobalIDString = 5018F24D0DFDEAC400C013A5;
			remoteInfo = cocos2d;
		};
		9CAB4BBE16B3C5D30061047A /* PBXContainerItemProxy */ = {
			isa = PBXContainerItemProxy;
			containerPortal = 9CAB4B4616B3C5D10061047A /* cocos2d-ios.xcodeproj */;
			proxyType = 2;
			remoteGlobalIDString = 502C65EE0DFEF3DD00E4107D;
			remoteInfo = "cocos2d-documentation";
		};
		9CAB4BC016B3C5D30061047A /* PBXContainerItemProxy */ = {
			isa = PBXContainerItemProxy;
			containerPortal = 9CAB4B4616B3C5D10061047A /* cocos2d-ios.xcodeproj */;
			proxyType = 2;
			remoteGlobalIDString = 50CB2FCA1004C8B100B7A750;
			remoteInfo = CocosDenshion;
		};
		9CAB4BC216B3C5D30061047A /* PBXContainerItemProxy */ = {
			isa = PBXContainerItemProxy;
			containerPortal = 9CAB4B4616B3C5D10061047A /* cocos2d-ios.xcodeproj */;
			proxyType = 2;
			remoteGlobalIDString = A04A1FEB13B826B300ABAFB7;
			remoteInfo = kazmath;
		};
		9CAB4BC416B3C5D30061047A /* PBXContainerItemProxy */ = {
			isa = PBXContainerItemProxy;
			containerPortal = 9CAB4B4616B3C5D10061047A /* cocos2d-ios.xcodeproj */;
			proxyType = 2;
			remoteGlobalIDString = 503164CD10277665003ACFE7;
			remoteInfo = libpng;
		};
		9CAB4BC616B3C5D30061047A /* PBXContainerItemProxy */ = {
			isa = PBXContainerItemProxy;
			containerPortal = 9CAB4B4616B3C5D10061047A /* cocos2d-ios.xcodeproj */;
			proxyType = 2;
			remoteGlobalIDString = 504CC32F1035BDE90096894C;
			remoteInfo = ActionManagerTest;
		};
		9CAB4BC816B3C5D30061047A /* PBXContainerItemProxy */ = {
			isa = PBXContainerItemProxy;
			containerPortal = 9CAB4B4616B3C5D10061047A /* cocos2d-ios.xcodeproj */;
			proxyType = 2;
			remoteGlobalIDString = 50C93AAD0E0BF6E000517B01;
			remoteInfo = ActionsTest;
		};
		9CAB4BCA16B3C5D30061047A /* PBXContainerItemProxy */ = {
			isa = PBXContainerItemProxy;
			containerPortal = 9CAB4B4616B3C5D10061047A /* cocos2d-ios.xcodeproj */;
			proxyType = 2;
			remoteGlobalIDString = 05CA7B0410ED674700F12774;
			remoteInfo = ActionsWithBlocksSample;
		};
		9CAB4BCC16B3C5D30061047A /* PBXContainerItemProxy */ = {
			isa = PBXContainerItemProxy;
			containerPortal = 9CAB4B4616B3C5D10061047A /* cocos2d-ios.xcodeproj */;
			proxyType = 2;
			remoteGlobalIDString = 504828800F45AED700A30CEF;
			remoteInfo = AttachTest;
		};
		9CAB4BCE16B3C5D30061047A /* PBXContainerItemProxy */ = {
			isa = PBXContainerItemProxy;
			containerPortal = 9CAB4B4616B3C5D10061047A /* cocos2d-ios.xcodeproj */;
			proxyType = 2;
			remoteGlobalIDString = 5042262E0FC0B5D500B992F7;
			remoteInfo = Box2dAccelTouchTest;
		};
		9CAB4BD016B3C5D30061047A /* PBXContainerItemProxy */ = {
			isa = PBXContainerItemProxy;
			containerPortal = 9CAB4B4616B3C5D10061047A /* cocos2d-ios.xcodeproj */;
			proxyType = 2;
			remoteGlobalIDString = 50010ED2103B3DB80059EC2E;
			remoteInfo = Box2dTestBed;
		};
		9CAB4BD216B3C5D30061047A /* PBXContainerItemProxy */ = {
			isa = PBXContainerItemProxy;
			containerPortal = 9CAB4B4616B3C5D10061047A /* cocos2d-ios.xcodeproj */;
			proxyType = 2;
			remoteGlobalIDString = 50B2C5E80E100EF000AE9530;
			remoteInfo = ChipmunkAccelTouchTest;
		};
		9CAB4BD416B3C5D30061047A /* PBXContainerItemProxy */ = {
			isa = PBXContainerItemProxy;
			containerPortal = 9CAB4B4616B3C5D10061047A /* cocos2d-ios.xcodeproj */;
			proxyType = 2;
			remoteGlobalIDString = 506C77E20E01520900B48100;
			remoteInfo = ClickAndMoveTest;
		};
		9CAB4BD616B3C5D30061047A /* PBXContainerItemProxy */ = {
			isa = PBXContainerItemProxy;
			containerPortal = 9CAB4B4616B3C5D10061047A /* cocos2d-ios.xcodeproj */;
			proxyType = 2;
			remoteGlobalIDString = 505224F911B3D4700061670F;
			remoteInfo = "CocosDenshion - Tom The Turret";
		};
		9CAB4BD816B3C5D30061047A /* PBXContainerItemProxy */ = {
			isa = PBXContainerItemProxy;
			containerPortal = 9CAB4B4616B3C5D10061047A /* cocos2d-ios.xcodeproj */;
			proxyType = 2;
			remoteGlobalIDString = 505228BA11B3DBB90061670F;
			remoteInfo = "CocosDenshion - Drum Pad";
		};
		9CAB4BDA16B3C5D30061047A /* PBXContainerItemProxy */ = {
			isa = PBXContainerItemProxy;
			containerPortal = 9CAB4B4616B3C5D10061047A /* cocos2d-ios.xcodeproj */;
			proxyType = 2;
			remoteGlobalIDString = 5052293C11B3DCD80061670F;
			remoteInfo = "CocosDenshion - Fade To Grey";
		};
		9CAB4BDC16B3C5D30061047A /* PBXContainerItemProxy */ = {
			isa = PBXContainerItemProxy;
			containerPortal = 9CAB4B4616B3C5D10061047A /* cocos2d-ios.xcodeproj */;
			proxyType = 2;
			remoteGlobalIDString = 5052296E11B3DCE90061670F;
			remoteInfo = "CocosDenshion - FancyRat Metering";
		};
		9CAB4BDE16B3C5D30061047A /* PBXContainerItemProxy */ = {
			isa = PBXContainerItemProxy;
			containerPortal = 9CAB4B4616B3C5D10061047A /* cocos2d-ios.xcodeproj */;
			proxyType = 2;
			remoteGlobalIDString = A01AB91A149709E300C93DB6;
			remoteInfo = DirectorTest;
		};
		9CAB4BE016B3C5D30061047A /* PBXContainerItemProxy */ = {
			isa = PBXContainerItemProxy;
			containerPortal = 9CAB4B4616B3C5D10061047A /* cocos2d-ios.xcodeproj */;
			proxyType = 2;
			remoteGlobalIDString = 501945740F964C620059CE7C;
			remoteInfo = drawPrimitivesTest;
		};
		9CAB4BE216B3C5D30061047A /* PBXContainerItemProxy */ = {
			isa = PBXContainerItemProxy;
			containerPortal = 9CAB4B4616B3C5D10061047A /* cocos2d-ios.xcodeproj */;
			proxyType = 2;
			remoteGlobalIDString = 504E17DC11C4C7E100E19835;
			remoteInfo = EAGLViewTest;
		};
		9CAB4BE416B3C5D30061047A /* PBXContainerItemProxy */ = {
			isa = PBXContainerItemProxy;
			containerPortal = 9CAB4B4616B3C5D10061047A /* cocos2d-ios.xcodeproj */;
			proxyType = 2;
			remoteGlobalIDString = 505B63A30F2F4210001B4104;
			remoteInfo = ActionsEaseTest;
		};
		9CAB4BE616B3C5D30061047A /* PBXContainerItemProxy */ = {
			isa = PBXContainerItemProxy;
			containerPortal = 9CAB4B4616B3C5D10061047A /* cocos2d-ios.xcodeproj */;
			proxyType = 2;
			remoteGlobalIDString = 50A24E440F377FA1007CAEB0;
			remoteInfo = EffectsTest;
		};
		9CAB4BE816B3C5D30061047A /* PBXContainerItemProxy */ = {
			isa = PBXContainerItemProxy;
			containerPortal = 9CAB4B4616B3C5D10061047A /* cocos2d-ios.xcodeproj */;
			proxyType = 2;
			remoteGlobalIDString = 50D56FD20F3FABEC007CD6B9;
			remoteInfo = EffectsAdvancedTest;
		};
		9CAB4BEA16B3C5D30061047A /* PBXContainerItemProxy */ = {
			isa = PBXContainerItemProxy;
			containerPortal = 9CAB4B4616B3C5D10061047A /* cocos2d-ios.xcodeproj */;
			proxyType = 2;
			remoteGlobalIDString = A0F8418D151D3B3000EBBFCB;
			remoteInfo = FileUtilsTest;
		};
		9CAB4BEC16B3C5D30061047A /* PBXContainerItemProxy */ = {
			isa = PBXContainerItemProxy;
			containerPortal = 9CAB4B4616B3C5D10061047A /* cocos2d-ios.xcodeproj */;
			proxyType = 2;
			remoteGlobalIDString = DAABAA9A1059A42E00794EB3;
			remoteInfo = FontTest;
		};
		9CAB4BEE16B3C5D30061047A /* PBXContainerItemProxy */ = {
			isa = PBXContainerItemProxy;
			containerPortal = 9CAB4B4616B3C5D10061047A /* cocos2d-ios.xcodeproj */;
			proxyType = 2;
			remoteGlobalIDString = 50C7D4950E5C2ED80035ACA2;
			remoteInfo = IntervalTest;
		};
		9CAB4BF016B3C5D30061047A /* PBXContainerItemProxy */ = {
			isa = PBXContainerItemProxy;
			containerPortal = 9CAB4B4616B3C5D10061047A /* cocos2d-ios.xcodeproj */;
			proxyType = 2;
			remoteGlobalIDString = 506882110E95761200F943E5;
			remoteInfo = LabelTest;
		};
		9CAB4BF216B3C5D30061047A /* PBXContainerItemProxy */ = {
			isa = PBXContainerItemProxy;
			containerPortal = 9CAB4B4616B3C5D10061047A /* cocos2d-ios.xcodeproj */;
			proxyType = 2;
			remoteGlobalIDString = 504799B1100F6A4200D1C71A;
			remoteInfo = LayerTest;
		};
		9CAB4BF416B3C5D30061047A /* PBXContainerItemProxy */ = {
			isa = PBXContainerItemProxy;
			containerPortal = 9CAB4B4616B3C5D10061047A /* cocos2d-ios.xcodeproj */;
			proxyType = 2;
			remoteGlobalIDString = 506C7A090E01C73A00B48100;
			remoteInfo = MenuTest;
		};
		9CAB4BF616B3C5D30061047A /* PBXContainerItemProxy */ = {
			isa = PBXContainerItemProxy;
			containerPortal = 9CAB4B4616B3C5D10061047A /* cocos2d-ios.xcodeproj */;
			proxyType = 2;
			remoteGlobalIDString = 50A783C40F3AFCE500104C45;
			remoteInfo = MotionStreakTest;
		};
		9CAB4BF816B3C5D30061047A /* PBXContainerItemProxy */ = {
			isa = PBXContainerItemProxy;
			containerPortal = 9CAB4B4616B3C5D10061047A /* cocos2d-ios.xcodeproj */;
			proxyType = 2;
			remoteGlobalIDString = A009431115180C730029A5C6;
			remoteInfo = MultithreadTest;
		};
		9CAB4BFA16B3C5D30061047A /* PBXContainerItemProxy */ = {
			isa = PBXContainerItemProxy;
			containerPortal = 9CAB4B4616B3C5D10061047A /* cocos2d-ios.xcodeproj */;
			proxyType = 2;
			remoteGlobalIDString = 506144080E589A2E003CCDB7;
			remoteInfo = NodeTest;
		};
		9CAB4BFC16B3C5D30061047A /* PBXContainerItemProxy */ = {
			isa = PBXContainerItemProxy;
			containerPortal = 9CAB4B4616B3C5D10061047A /* cocos2d-ios.xcodeproj */;
			proxyType = 2;
			remoteGlobalIDString = 50C195600EE4B57E00829067;
			remoteInfo = ParallaxTest;
		};
		9CAB4BFE16B3C5D30061047A /* PBXContainerItemProxy */ = {
			isa = PBXContainerItemProxy;
			containerPortal = 9CAB4B4616B3C5D10061047A /* cocos2d-ios.xcodeproj */;
			proxyType = 2;
			remoteGlobalIDString = 50DB1BCA0E1C1E5900A89DFF;
			remoteInfo = ParticleTest;
		};
		9CAB4C0016B3C5D30061047A /* PBXContainerItemProxy */ = {
			isa = PBXContainerItemProxy;
			containerPortal = 9CAB4B4616B3C5D10061047A /* cocos2d-ios.xcodeproj */;
			proxyType = 2;
			remoteGlobalIDString = 501504ED11330E1700A9CA65;
			remoteInfo = ActionsProgressTest;
		};
		9CAB4C0216B3C5D30061047A /* PBXContainerItemProxy */ = {
			isa = PBXContainerItemProxy;
			containerPortal = 9CAB4B4616B3C5D10061047A /* cocos2d-ios.xcodeproj */;
			proxyType = 2;
			remoteGlobalIDString = 495E73F7104B74E20012BB52;
			remoteInfo = RenderTextureTest;
		};
		9CAB4C0416B3C5D30061047A /* PBXContainerItemProxy */ = {
			isa = PBXContainerItemProxy;
			containerPortal = 9CAB4B4616B3C5D10061047A /* cocos2d-ios.xcodeproj */;
			proxyType = 2;
			remoteGlobalIDString = 502C66180DFEFCCA00E4107D;
			remoteInfo = RotateWorldTest;
		};
		9CAB4C0616B3C5D30061047A /* PBXContainerItemProxy */ = {
			isa = PBXContainerItemProxy;
			containerPortal = 9CAB4B4616B3C5D10061047A /* cocos2d-ios.xcodeproj */;
			proxyType = 2;
			remoteGlobalIDString = 506C800E0E041C9300B48100;
			remoteInfo = SceneTest;
		};
		9CAB4C0816B3C5D30061047A /* PBXContainerItemProxy */ = {
			isa = PBXContainerItemProxy;
			containerPortal = 9CAB4B4616B3C5D10061047A /* cocos2d-ios.xcodeproj */;
			proxyType = 2;
			remoteGlobalIDString = 508CA7DA1193270F003AC397;
			remoteInfo = SchedulerTest;
		};
		9CAB4C0A16B3C5D30061047A /* PBXContainerItemProxy */ = {
			isa = PBXContainerItemProxy;
			containerPortal = 9CAB4B4616B3C5D10061047A /* cocos2d-ios.xcodeproj */;
			proxyType = 2;
			remoteGlobalIDString = E03A4F691355041F00D4B515;
			remoteInfo = ShaderTest;
		};
		9CAB4C0C16B3C5D30061047A /* PBXContainerItemProxy */ = {
			isa = PBXContainerItemProxy;
			containerPortal = 9CAB4B4616B3C5D10061047A /* cocos2d-ios.xcodeproj */;
			proxyType = 2;
			remoteGlobalIDString = 501C7C910F91EFFF0024A296;
			remoteInfo = SpriteTest;
		};
		9CAB4C0E16B3C5D30061047A /* PBXContainerItemProxy */ = {
			isa = PBXContainerItemProxy;
			containerPortal = 9CAB4B4616B3C5D10061047A /* cocos2d-ios.xcodeproj */;
			proxyType = 2;
			remoteGlobalIDString = 505B62D60F2E6A0F001B4104;
			remoteInfo = Texture2dTest;
		};
		9CAB4C1016B3C5D30061047A /* PBXContainerItemProxy */ = {
			isa = PBXContainerItemProxy;
			containerPortal = 9CAB4B4616B3C5D10061047A /* cocos2d-ios.xcodeproj */;
			proxyType = 2;
			remoteGlobalIDString = 503F5CBE101FE930002A37E5;
			remoteInfo = TileMapTest;
		};
		9CAB4C1216B3C5D30061047A /* PBXContainerItemProxy */ = {
			isa = PBXContainerItemProxy;
			containerPortal = 9CAB4B4616B3C5D10061047A /* cocos2d-ios.xcodeproj */;
			proxyType = 2;
			remoteGlobalIDString = 5012DD3B0FE2994300D6DDD1;
			remoteInfo = TouchesTest;
		};
		9CAB4C1416B3C5D30061047A /* PBXContainerItemProxy */ = {
			isa = PBXContainerItemProxy;
			containerPortal = 9CAB4B4616B3C5D10061047A /* cocos2d-ios.xcodeproj */;
			proxyType = 2;
			remoteGlobalIDString = 50C938E00E0A9DBB00517B01;
			remoteInfo = TransitionsTest;
		};
		9CAB4C1616B3C5D30061047A /* PBXContainerItemProxy */ = {
			isa = PBXContainerItemProxy;
			containerPortal = 9CAB4B4616B3C5D10061047A /* cocos2d-ios.xcodeproj */;
			proxyType = 2;
			remoteGlobalIDString = E0C5588611FE48E600B9E4CB;
			remoteInfo = ZwoptexTest;
		};
		9CAB4C1816B3C5D30061047A /* PBXContainerItemProxy */ = {
			isa = PBXContainerItemProxy;
			containerPortal = 9CAB4B4616B3C5D10061047A /* cocos2d-ios.xcodeproj */;
			proxyType = 2;
			remoteGlobalIDString = 507FF8F2116D16F600B6FAB2;
			remoteInfo = Bug350;
		};
		9CAB4C1A16B3C5D30061047A /* PBXContainerItemProxy */ = {
			isa = PBXContainerItemProxy;
			containerPortal = 9CAB4B4616B3C5D10061047A /* cocos2d-ios.xcodeproj */;
			proxyType = 2;
			remoteGlobalIDString = 50CB34DD100765EF00B7A750;
			remoteInfo = Bug422;
		};
		9CAB4C1C16B3C5D30061047A /* PBXContainerItemProxy */ = {
			isa = PBXContainerItemProxy;
			containerPortal = 9CAB4B4616B3C5D10061047A /* cocos2d-ios.xcodeproj */;
			proxyType = 2;
			remoteGlobalIDString = E037DA4C1281C7F0003D39D7;
			remoteInfo = Bug458;
		};
		9CAB4C1E16B3C5D30061047A /* PBXContainerItemProxy */ = {
			isa = PBXContainerItemProxy;
			containerPortal = 9CAB4B4616B3C5D10061047A /* cocos2d-ios.xcodeproj */;
			proxyType = 2;
			remoteGlobalIDString = E02BC2CD1270E489006E46A2;
			remoteInfo = Bug624;
		};
		9CAB4C2016B3C5D30061047A /* PBXContainerItemProxy */ = {
			isa = PBXContainerItemProxy;
			containerPortal = 9CAB4B4616B3C5D10061047A /* cocos2d-ios.xcodeproj */;
			proxyType = 2;
			remoteGlobalIDString = 50CBA48711CBD6FB007B009D;
			remoteInfo = Bug886;
		};
		9CAB4C2216B3C5D30061047A /* PBXContainerItemProxy */ = {
			isa = PBXContainerItemProxy;
			containerPortal = 9CAB4B4616B3C5D10061047A /* cocos2d-ios.xcodeproj */;
			proxyType = 2;
			remoteGlobalIDString = 507C0F0B11D609290075E747;
			remoteInfo = Bug899;
		};
		9CAB4C2416B3C5D30061047A /* PBXContainerItemProxy */ = {
			isa = PBXContainerItemProxy;
			containerPortal = 9CAB4B4616B3C5D10061047A /* cocos2d-ios.xcodeproj */;
			proxyType = 2;
			remoteGlobalIDString = 502BF56911E39CC30030C477;
			remoteInfo = Bug914;
		};
		9CAB4C2616B3C5D30061047A /* PBXContainerItemProxy */ = {
			isa = PBXContainerItemProxy;
			containerPortal = 9CAB4B4616B3C5D10061047A /* cocos2d-ios.xcodeproj */;
			proxyType = 2;
			remoteGlobalIDString = E0EA56A5134B9CA800F212C8;
			remoteInfo = Bug1159;
		};
/* End PBXContainerItemProxy section */

/* Begin PBXFileReference section */
		0AC19EB316B4652300FC5541 /* LobbyScene.h */ = {isa = PBXFileReference; fileEncoding = 4; lastKnownFileType = sourcecode.c.h; path = LobbyScene.h; sourceTree = "<group>"; };
		0AC19EB416B4652300FC5541 /* LobbyScene.m */ = {isa = PBXFileReference; fileEncoding = 4; lastKnownFileType = sourcecode.c.objc; path = LobbyScene.m; sourceTree = "<group>"; };
		0AC19F3E16B46D0F00FC5541 /* start-menu-button-hd.png */ = {isa = PBXFileReference; lastKnownFileType = image.png; name = "start-menu-button-hd.png"; path = "Resources/start-menu-button-hd.png"; sourceTree = "<group>"; };
		0AC19F3F16B46D0F00FC5541 /* start-menu-button-pressed-hd.png */ = {isa = PBXFileReference; lastKnownFileType = image.png; name = "start-menu-button-pressed-hd.png"; path = "Resources/start-menu-button-pressed-hd.png"; sourceTree = "<group>"; };
		0AC19F4016B46D0F00FC5541 /* start-menu-button-pressed.png */ = {isa = PBXFileReference; lastKnownFileType = image.png; name = "start-menu-button-pressed.png"; path = "Resources/start-menu-button-pressed.png"; sourceTree = "<group>"; };
		0AC19F4116B46D0F00FC5541 /* start-menu-button.png */ = {isa = PBXFileReference; lastKnownFileType = image.png; name = "start-menu-button.png"; path = "Resources/start-menu-button.png"; sourceTree = "<group>"; };
		0AC19F4616B46E4200FC5541 /* GameScene.h */ = {isa = PBXFileReference; fileEncoding = 4; lastKnownFileType = sourcecode.c.h; path = GameScene.h; sourceTree = "<group>"; };
		0AC19F4716B46E4200FC5541 /* GameScene.m */ = {isa = PBXFileReference; fileEncoding = 4; lastKnownFileType = sourcecode.c.objc; path = GameScene.m; sourceTree = "<group>"; };
		0AC19F4816B46E4200FC5541 /* MainMenuScene.h */ = {isa = PBXFileReference; fileEncoding = 4; lastKnownFileType = sourcecode.c.h; path = MainMenuScene.h; sourceTree = "<group>"; };
		0AC19F4916B46E4200FC5541 /* MainMenuScene.m */ = {isa = PBXFileReference; fileEncoding = 4; lastKnownFileType = sourcecode.c.objc; path = MainMenuScene.m; sourceTree = "<group>"; };
		0AC19F4A16B46E4200FC5541 /* ResultsScene.h */ = {isa = PBXFileReference; fileEncoding = 4; lastKnownFileType = sourcecode.c.h; path = ResultsScene.h; sourceTree = "<group>"; };
		0AC19F4B16B46E4200FC5541 /* ResultsScene.m */ = {isa = PBXFileReference; fileEncoding = 4; lastKnownFileType = sourcecode.c.objc; path = ResultsScene.m; sourceTree = "<group>"; };
		9CAB47C916B39AC50061047A /* rant.app */ = {isa = PBXFileReference; explicitFileType = wrapper.application; includeInIndex = 0; path = rant.app; sourceTree = BUILT_PRODUCTS_DIR; };
		9CAB47CD16B39AC50061047A /* QuartzCore.framework */ = {isa = PBXFileReference; lastKnownFileType = wrapper.framework; name = QuartzCore.framework; path = System/Library/Frameworks/QuartzCore.framework; sourceTree = SDKROOT; };
		9CAB47CF16B39AC50061047A /* OpenGLES.framework */ = {isa = PBXFileReference; lastKnownFileType = wrapper.framework; name = OpenGLES.framework; path = System/Library/Frameworks/OpenGLES.framework; sourceTree = SDKROOT; };
		9CAB47D116B39AC50061047A /* OpenAL.framework */ = {isa = PBXFileReference; lastKnownFileType = wrapper.framework; name = OpenAL.framework; path = System/Library/Frameworks/OpenAL.framework; sourceTree = SDKROOT; };
		9CAB47D316B39AC50061047A /* AudioToolbox.framework */ = {isa = PBXFileReference; lastKnownFileType = wrapper.framework; name = AudioToolbox.framework; path = System/Library/Frameworks/AudioToolbox.framework; sourceTree = SDKROOT; };
		9CAB47D516B39AC50061047A /* AVFoundation.framework */ = {isa = PBXFileReference; lastKnownFileType = wrapper.framework; name = AVFoundation.framework; path = System/Library/Frameworks/AVFoundation.framework; sourceTree = SDKROOT; };
		9CAB47D716B39AC50061047A /* UIKit.framework */ = {isa = PBXFileReference; lastKnownFileType = wrapper.framework; name = UIKit.framework; path = System/Library/Frameworks/UIKit.framework; sourceTree = SDKROOT; };
		9CAB47D916B39AC50061047A /* Foundation.framework */ = {isa = PBXFileReference; lastKnownFileType = wrapper.framework; name = Foundation.framework; path = System/Library/Frameworks/Foundation.framework; sourceTree = SDKROOT; };
		9CAB47DB16B39AC50061047A /* CoreGraphics.framework */ = {isa = PBXFileReference; lastKnownFileType = wrapper.framework; name = CoreGraphics.framework; path = System/Library/Frameworks/CoreGraphics.framework; sourceTree = SDKROOT; };
		9CAB47DD16B39AC50061047A /* GameKit.framework */ = {isa = PBXFileReference; lastKnownFileType = wrapper.framework; name = GameKit.framework; path = System/Library/Frameworks/GameKit.framework; sourceTree = SDKROOT; };
		9CAB47E116B39AC50061047A /* Default.png */ = {isa = PBXFileReference; lastKnownFileType = image.png; name = Default.png; path = Resources/Default.png; sourceTree = "<group>"; };
		9CAB47E316B39AC50061047A /* Default-Landscape~ipad.png */ = {isa = PBXFileReference; lastKnownFileType = image.png; name = "Default-Landscape~ipad.png"; path = "Resources/Default-Landscape~ipad.png"; sourceTree = "<group>"; };
		9CAB47E516B39AC50061047A /* fps_images.png */ = {isa = PBXFileReference; lastKnownFileType = image.png; name = fps_images.png; path = Resources/fps_images.png; sourceTree = "<group>"; };
		9CAB47E716B39AC50061047A /* fps_images-hd.png */ = {isa = PBXFileReference; lastKnownFileType = image.png; name = "fps_images-hd.png"; path = "Resources/fps_images-hd.png"; sourceTree = "<group>"; };
		9CAB47E916B39AC50061047A /* fps_images-ipadhd.png */ = {isa = PBXFileReference; lastKnownFileType = image.png; name = "fps_images-ipadhd.png"; path = "Resources/fps_images-ipadhd.png"; sourceTree = "<group>"; };
		9CAB47EB16B39AC50061047A /* Icon-72.png */ = {isa = PBXFileReference; lastKnownFileType = image.png; name = "Icon-72.png"; path = "Resources/Icon-72.png"; sourceTree = "<group>"; };
		9CAB47ED16B39AC50061047A /* Icon-Small-50.png */ = {isa = PBXFileReference; lastKnownFileType = image.png; name = "Icon-Small-50.png"; path = "Resources/Icon-Small-50.png"; sourceTree = "<group>"; };
		9CAB47EF16B39AC50061047A /* Icon-Small.png */ = {isa = PBXFileReference; lastKnownFileType = image.png; name = "Icon-Small.png"; path = "Resources/Icon-Small.png"; sourceTree = "<group>"; };
		9CAB47F116B39AC50061047A /* Icon-Small@2x.png */ = {isa = PBXFileReference; lastKnownFileType = image.png; name = "Icon-Small@2x.png"; path = "Resources/Icon-Small@2x.png"; sourceTree = "<group>"; };
		9CAB47F316B39AC50061047A /* Icon.png */ = {isa = PBXFileReference; lastKnownFileType = image.png; name = Icon.png; path = Resources/Icon.png; sourceTree = "<group>"; };
		9CAB47F516B39AC50061047A /* Icon@2x.png */ = {isa = PBXFileReference; lastKnownFileType = image.png; name = "Icon@2x.png"; path = "Resources/Icon@2x.png"; sourceTree = "<group>"; };
		9CAB47F716B39AC50061047A /* Info.plist */ = {isa = PBXFileReference; lastKnownFileType = text.plist.xml; name = Info.plist; path = Resources/Info.plist; sourceTree = "<group>"; };
		9CAB47F816B39AC50061047A /* iTunesArtwork */ = {isa = PBXFileReference; lastKnownFileType = file; name = iTunesArtwork; path = Resources/iTunesArtwork; sourceTree = "<group>"; };
		9CAB495416B39AC70061047A /* Prefix.pch */ = {isa = PBXFileReference; lastKnownFileType = sourcecode.c.h; path = Prefix.pch; sourceTree = "<group>"; };
		9CAB495516B39AC70061047A /* main.m */ = {isa = PBXFileReference; lastKnownFileType = sourcecode.c.objc; path = main.m; sourceTree = "<group>"; };
		9CAB495716B39AC70061047A /* AppDelegate.h */ = {isa = PBXFileReference; lastKnownFileType = sourcecode.c.h; path = AppDelegate.h; sourceTree = "<group>"; };
		9CAB495816B39AC70061047A /* AppDelegate.m */ = {isa = PBXFileReference; lastKnownFileType = sourcecode.c.objc; path = AppDelegate.m; sourceTree = "<group>"; };
		9CAB4B4616B3C5D10061047A /* cocos2d-ios.xcodeproj */ = {isa = PBXFileReference; lastKnownFileType = "wrapper.pb-project"; name = "cocos2d-ios.xcodeproj"; path = "../cocos2d-iphone-2.0/cocos2d-ios.xcodeproj"; sourceTree = "<group>"; };
		9CAB4E9216B470A40061047A /* GameBackgroundLayer.h */ = {isa = PBXFileReference; fileEncoding = 4; lastKnownFileType = sourcecode.c.h; path = GameBackgroundLayer.h; sourceTree = "<group>"; };
		9CAB4E9316B470A40061047A /* GameBackgroundLayer.m */ = {isa = PBXFileReference; fileEncoding = 4; lastKnownFileType = sourcecode.c.objc; path = GameBackgroundLayer.m; sourceTree = "<group>"; };
		9CAB4E9516B470D80061047A /* GameGestureLayer.h */ = {isa = PBXFileReference; fileEncoding = 4; lastKnownFileType = sourcecode.c.h; path = GameGestureLayer.h; sourceTree = "<group>"; };
		9CAB4E9616B470D80061047A /* GameGestureLayer.m */ = {isa = PBXFileReference; fileEncoding = 4; lastKnownFileType = sourcecode.c.objc; path = GameGestureLayer.m; sourceTree = "<group>"; };
		9CAB4E9916B4713D0061047A /* GameMonsterLayer.h */ = {isa = PBXFileReference; fileEncoding = 4; lastKnownFileType = sourcecode.c.h; path = GameMonsterLayer.h; sourceTree = "<group>"; };
		9CAB4E9A16B4713D0061047A /* GameMonsterLayer.m */ = {isa = PBXFileReference; fileEncoding = 4; lastKnownFileType = sourcecode.c.objc; path = GameMonsterLayer.m; sourceTree = "<group>"; };
		9CAB4E9C16B471510061047A /* GameHUDLayer.h */ = {isa = PBXFileReference; fileEncoding = 4; lastKnownFileType = sourcecode.c.h; path = GameHUDLayer.h; sourceTree = "<group>"; };
		9CAB4E9D16B471510061047A /* GameHUDLayer.m */ = {isa = PBXFileReference; fileEncoding = 4; lastKnownFileType = sourcecode.c.objc; path = GameHUDLayer.m; sourceTree = "<group>"; };
		9CAB4F8E16B490D40061047A /* gameMonster_placeholder-hd.png */ = {isa = PBXFileReference; lastKnownFileType = image.png; name = "gameMonster_placeholder-hd.png"; path = "Resources/GameAssets/gameMonster_placeholder-hd.png"; sourceTree = "<group>"; };
		9CAB4F8F16B490D40061047A /* gameMonster_placeholder.png */ = {isa = PBXFileReference; lastKnownFileType = image.png; name = gameMonster_placeholder.png; path = Resources/GameAssets/gameMonster_placeholder.png; sourceTree = "<group>"; };
		9CAB4F9216B492760061047A /* GameHeroLayer.h */ = {isa = PBXFileReference; fileEncoding = 4; lastKnownFileType = sourcecode.c.h; path = GameHeroLayer.h; sourceTree = "<group>"; };
		9CAB4F9316B492760061047A /* GameHeroLayer.m */ = {isa = PBXFileReference; fileEncoding = 4; lastKnownFileType = sourcecode.c.objc; path = GameHeroLayer.m; sourceTree = "<group>"; };
		9CAB4F9516B49AED0061047A /* gameHero_placeholder-hd.png */ = {isa = PBXFileReference; lastKnownFileType = image.png; name = "gameHero_placeholder-hd.png"; path = "Resources/GameAssets/gameHero_placeholder-hd.png"; sourceTree = "<group>"; };
		9CAB4F9616B49AED0061047A /* gameHero_placeholder.png */ = {isa = PBXFileReference; lastKnownFileType = image.png; name = gameHero_placeholder.png; path = Resources/GameAssets/gameHero_placeholder.png; sourceTree = "<group>"; };
		9CAB4F9916B49C580061047A /* gameBackground1-hd.png */ = {isa = PBXFileReference; lastKnownFileType = image.png; name = "gameBackground1-hd.png"; path = "Resources/GameAssets/gameBackground1-hd.png"; sourceTree = "<group>"; };
		9CAB4F9A16B49C580061047A /* gameBackground1.png */ = {isa = PBXFileReference; lastKnownFileType = image.png; name = gameBackground1.png; path = Resources/GameAssets/gameBackground1.png; sourceTree = "<group>"; };
		9CAB4F9B16B49C580061047A /* gameBackground2-hd.png */ = {isa = PBXFileReference; lastKnownFileType = image.png; name = "gameBackground2-hd.png"; path = "Resources/GameAssets/gameBackground2-hd.png"; sourceTree = "<group>"; };
		9CAB4F9C16B49C580061047A /* gameBackground2.png */ = {isa = PBXFileReference; lastKnownFileType = image.png; name = gameBackground2.png; path = Resources/GameAssets/gameBackground2.png; sourceTree = "<group>"; };
		9CAB4F9D16B49C580061047A /* gameBackgroundCloud-hd.png */ = {isa = PBXFileReference; lastKnownFileType = image.png; name = "gameBackgroundCloud-hd.png"; path = "Resources/GameAssets/gameBackgroundCloud-hd.png"; sourceTree = "<group>"; };
		9CAB4F9E16B49C580061047A /* gameBackgroundCloud.png */ = {isa = PBXFileReference; lastKnownFileType = image.png; name = gameBackgroundCloud.png; path = Resources/GameAssets/gameBackgroundCloud.png; sourceTree = "<group>"; };
		B354826616B3A75A004ECF7C /* NetworkTester.app */ = {isa = PBXFileReference; explicitFileType = wrapper.application; includeInIndex = 0; path = NetworkTester.app; sourceTree = BUILT_PRODUCTS_DIR; };
		B354826D16B3A75A004ECF7C /* NetworkTester-Info.plist */ = {isa = PBXFileReference; lastKnownFileType = text.plist.xml; path = "NetworkTester-Info.plist"; sourceTree = "<group>"; };
		B354826F16B3A75A004ECF7C /* en */ = {isa = PBXFileReference; lastKnownFileType = text.plist.strings; name = en; path = en.lproj/InfoPlist.strings; sourceTree = "<group>"; };
		B354827116B3A75A004ECF7C /* main.m */ = {isa = PBXFileReference; lastKnownFileType = sourcecode.c.objc; path = main.m; sourceTree = "<group>"; };
		B354827316B3A75A004ECF7C /* NetworkTester-Prefix.pch */ = {isa = PBXFileReference; lastKnownFileType = sourcecode.c.h; path = "NetworkTester-Prefix.pch"; sourceTree = "<group>"; };
		B354827416B3A75A004ECF7C /* NetworkTesterAppDelegate.h */ = {isa = PBXFileReference; lastKnownFileType = sourcecode.c.h; path = NetworkTesterAppDelegate.h; sourceTree = "<group>"; };
		B354827516B3A75A004ECF7C /* NetworkTesterAppDelegate.m */ = {isa = PBXFileReference; lastKnownFileType = sourcecode.c.objc; path = NetworkTesterAppDelegate.m; sourceTree = "<group>"; };
		B354827716B3A75A004ECF7C /* Default.png */ = {isa = PBXFileReference; lastKnownFileType = image.png; path = Default.png; sourceTree = "<group>"; };
		B354827916B3A75A004ECF7C /* Default@2x.png */ = {isa = PBXFileReference; lastKnownFileType = image.png; path = "Default@2x.png"; sourceTree = "<group>"; };
		B354827B16B3A75A004ECF7C /* Default-568h@2x.png */ = {isa = PBXFileReference; lastKnownFileType = image.png; path = "Default-568h@2x.png"; sourceTree = "<group>"; };
		B354828616B3A77C004ECF7C /* UnitTests.octest */ = {isa = PBXFileReference; explicitFileType = wrapper.cfbundle; includeInIndex = 0; path = UnitTests.octest; sourceTree = BUILT_PRODUCTS_DIR; };
		B354828716B3A77C004ECF7C /* SenTestingKit.framework */ = {isa = PBXFileReference; lastKnownFileType = wrapper.framework; name = SenTestingKit.framework; path = Library/Frameworks/SenTestingKit.framework; sourceTree = DEVELOPER_DIR; };
		B354828D16B3A77C004ECF7C /* UnitTests-Info.plist */ = {isa = PBXFileReference; lastKnownFileType = text.plist.xml; path = "UnitTests-Info.plist"; sourceTree = "<group>"; };
		B354828F16B3A77C004ECF7C /* en */ = {isa = PBXFileReference; lastKnownFileType = text.plist.strings; name = en; path = en.lproj/InfoPlist.strings; sourceTree = "<group>"; };
		B354829116B3A77C004ECF7C /* UnitTests.h */ = {isa = PBXFileReference; lastKnownFileType = sourcecode.c.h; path = UnitTests.h; sourceTree = "<group>"; };
		B354829216B3A77C004ECF7C /* UnitTests.m */ = {isa = PBXFileReference; lastKnownFileType = sourcecode.c.objc; path = UnitTests.m; sourceTree = "<group>"; };
		B354829416B3A77C004ECF7C /* UnitTests-Prefix.pch */ = {isa = PBXFileReference; lastKnownFileType = sourcecode.c.h; path = "UnitTests-Prefix.pch"; sourceTree = "<group>"; };
		B3985A9316B46BDD008081FB /* GameEngine.h */ = {isa = PBXFileReference; fileEncoding = 4; lastKnownFileType = sourcecode.c.h; path = GameEngine.h; sourceTree = "<group>"; };
		B3985A9416B46BDD008081FB /* GameEngine.m */ = {isa = PBXFileReference; fileEncoding = 4; lastKnownFileType = sourcecode.c.objc; path = GameEngine.m; sourceTree = "<group>"; };
		B3985A9716B46E07008081FB /* NetworkTesterRootViewController.h */ = {isa = PBXFileReference; fileEncoding = 4; lastKnownFileType = sourcecode.c.h; path = NetworkTesterRootViewController.h; sourceTree = "<group>"; };
		B3985A9816B46E07008081FB /* NetworkTesterRootViewController.m */ = {isa = PBXFileReference; fileEncoding = 4; lastKnownFileType = sourcecode.c.objc; path = NetworkTesterRootViewController.m; sourceTree = "<group>"; };
		B3E1FF1416B476B500D940F0 /* NetworkTesterRootViewController.xib */ = {isa = PBXFileReference; fileEncoding = 4; lastKnownFileType = file.xib; path = NetworkTesterRootViewController.xib; sourceTree = "<group>"; };
		B3E1FF9816B497A200D940F0 /* Util.h */ = {isa = PBXFileReference; fileEncoding = 4; lastKnownFileType = sourcecode.c.h; path = Util.h; sourceTree = "<group>"; };
		B3E1FF9916B497A200D940F0 /* Util.m */ = {isa = PBXFileReference; fileEncoding = 4; lastKnownFileType = sourcecode.c.objc; path = Util.m; sourceTree = "<group>"; };
		FF91403C16B4B2BB00A6E22E /* sine440.caf */ = {isa = PBXFileReference; lastKnownFileType = file; path = sine440.caf; sourceTree = "<group>"; };
/* End PBXFileReference section */

/* Begin PBXFrameworksBuildPhase section */
		9CAB47C616B39AC50061047A /* Frameworks */ = {
			isa = PBXFrameworksBuildPhase;
			buildActionMask = 2147483647;
			files = (
				9CAB4CA716B3C7A20061047A /* liblibpng.a in Frameworks */,
				9CAB4CA616B3C79E0061047A /* libkazmath.a in Frameworks */,
				9CAB4C2916B3C6030061047A /* libcocos2d.a in Frameworks */,
				9CAB4C2A16B3C6030061047A /* libCocosDenshion.a in Frameworks */,
				9CAB47CE16B39AC50061047A /* QuartzCore.framework in Frameworks */,
				9CAB47D016B39AC50061047A /* OpenGLES.framework in Frameworks */,
				9CAB47D216B39AC50061047A /* OpenAL.framework in Frameworks */,
				9CAB47D416B39AC50061047A /* AudioToolbox.framework in Frameworks */,
				9CAB47D616B39AC50061047A /* AVFoundation.framework in Frameworks */,
				9CAB47D816B39AC50061047A /* UIKit.framework in Frameworks */,
				9CAB47DA16B39AC50061047A /* Foundation.framework in Frameworks */,
				9CAB47DC16B39AC50061047A /* CoreGraphics.framework in Frameworks */,
				9CAB47DE16B39AC50061047A /* GameKit.framework in Frameworks */,
			);
			runOnlyForDeploymentPostprocessing = 0;
		};
		B354826316B3A75A004ECF7C /* Frameworks */ = {
			isa = PBXFrameworksBuildPhase;
			buildActionMask = 2147483647;
			files = (
				B3985A9116B46B8E008081FB /* GameKit.framework in Frameworks */,
				B354826816B3A75A004ECF7C /* UIKit.framework in Frameworks */,
				B354826916B3A75A004ECF7C /* Foundation.framework in Frameworks */,
				B354826A16B3A75A004ECF7C /* CoreGraphics.framework in Frameworks */,
			);
			runOnlyForDeploymentPostprocessing = 0;
		};
		B354828216B3A77C004ECF7C /* Frameworks */ = {
			isa = PBXFrameworksBuildPhase;
			buildActionMask = 2147483647;
			files = (
				B354828816B3A77C004ECF7C /* SenTestingKit.framework in Frameworks */,
				B354828916B3A77C004ECF7C /* UIKit.framework in Frameworks */,
				B354828A16B3A77C004ECF7C /* Foundation.framework in Frameworks */,
			);
			runOnlyForDeploymentPostprocessing = 0;
		};
/* End PBXFrameworksBuildPhase section */

/* Begin PBXGroup section */
		9CAB47BE16B39AC50061047A = {
			isa = PBXGroup;
			children = (
				9CAB47DF16B39AC50061047A /* rant */,
				B354826B16B3A75A004ECF7C /* NetworkTester */,
				B354828B16B3A77C004ECF7C /* UnitTests */,
				9CAB47CC16B39AC50061047A /* Frameworks */,
				9CAB47CA16B39AC50061047A /* Products */,
			);
			sourceTree = "<group>";
		};
		9CAB47CA16B39AC50061047A /* Products */ = {
			isa = PBXGroup;
			children = (
				9CAB47C916B39AC50061047A /* rant.app */,
				B354826616B3A75A004ECF7C /* NetworkTester.app */,
				B354828616B3A77C004ECF7C /* UnitTests.octest */,
			);
			name = Products;
			sourceTree = "<group>";
		};
		9CAB47CC16B39AC50061047A /* Frameworks */ = {
			isa = PBXGroup;
			children = (
				9CAB4B4616B3C5D10061047A /* cocos2d-ios.xcodeproj */,
				9CAB47CD16B39AC50061047A /* QuartzCore.framework */,
				9CAB47CF16B39AC50061047A /* OpenGLES.framework */,
				9CAB47D116B39AC50061047A /* OpenAL.framework */,
				9CAB47D316B39AC50061047A /* AudioToolbox.framework */,
				9CAB47D516B39AC50061047A /* AVFoundation.framework */,
				9CAB47D716B39AC50061047A /* UIKit.framework */,
				9CAB47D916B39AC50061047A /* Foundation.framework */,
				9CAB47DB16B39AC50061047A /* CoreGraphics.framework */,
				9CAB47DD16B39AC50061047A /* GameKit.framework */,
				B354828716B3A77C004ECF7C /* SenTestingKit.framework */,
			);
			name = Frameworks;
			sourceTree = "<group>";
		};
		9CAB47DF16B39AC50061047A /* rant */ = {
			isa = PBXGroup;
			children = (
				9CAB495716B39AC70061047A /* AppDelegate.h */,
				9CAB495816B39AC70061047A /* AppDelegate.m */,
				B3E1FF9816B497A200D940F0 /* Util.h */,
				B3E1FF9916B497A200D940F0 /* Util.m */,
				B3985A9216B46BB7008081FB /* GameEngine */,
				9CAB4E8E16B470640061047A /* GameLayers */,
				0AC19EB316B4652300FC5541 /* LobbyScene.h */,
				0AC19EB416B4652300FC5541 /* LobbyScene.m */,
				0AC19F4616B46E4200FC5541 /* GameScene.h */,
				0AC19F4716B46E4200FC5541 /* GameScene.m */,
				0AC19F4816B46E4200FC5541 /* MainMenuScene.h */,
				0AC19F4916B46E4200FC5541 /* MainMenuScene.m */,
				0AC19F4A16B46E4200FC5541 /* ResultsScene.h */,
				0AC19F4B16B46E4200FC5541 /* ResultsScene.m */,
				9CAB47E016B39AC50061047A /* Resources */,
				9CAB495316B39AC70061047A /* Supporting Files */,
			);
			path = rant;
			sourceTree = "<group>";
		};
		9CAB47E016B39AC50061047A /* Resources */ = {
			isa = PBXGroup;
			children = (
				9CAB4F8716B489800061047A /* GameAssets */,
				0AC19F3E16B46D0F00FC5541 /* start-menu-button-hd.png */,
				0AC19F3F16B46D0F00FC5541 /* start-menu-button-pressed-hd.png */,
				0AC19F4016B46D0F00FC5541 /* start-menu-button-pressed.png */,
				0AC19F4116B46D0F00FC5541 /* start-menu-button.png */,
				9CAB47E116B39AC50061047A /* Default.png */,
				9CAB47E316B39AC50061047A /* Default-Landscape~ipad.png */,
				9CAB47E516B39AC50061047A /* fps_images.png */,
				9CAB47E716B39AC50061047A /* fps_images-hd.png */,
				9CAB47E916B39AC50061047A /* fps_images-ipadhd.png */,
				9CAB47EB16B39AC50061047A /* Icon-72.png */,
				9CAB47ED16B39AC50061047A /* Icon-Small-50.png */,
				9CAB47EF16B39AC50061047A /* Icon-Small.png */,
				9CAB47F116B39AC50061047A /* Icon-Small@2x.png */,
				9CAB47F316B39AC50061047A /* Icon.png */,
				9CAB47F516B39AC50061047A /* Icon@2x.png */,
				9CAB47F716B39AC50061047A /* Info.plist */,
				9CAB47F816B39AC50061047A /* iTunesArtwork */,
			);
			name = Resources;
			sourceTree = "<group>";
		};
		9CAB495316B39AC70061047A /* Supporting Files */ = {
			isa = PBXGroup;
			children = (
				9CAB495416B39AC70061047A /* Prefix.pch */,
				9CAB495516B39AC70061047A /* main.m */,
			);
			name = "Supporting Files";
			sourceTree = "<group>";
		};
		9CAB4B4716B3C5D10061047A /* Products */ = {
			isa = PBXGroup;
			children = (
				9CAB4BB716B3C5D30061047A /* libbuild all tests.a */,
				9CAB4BB916B3C5D30061047A /* libbox2d.a */,
				9CAB4BBB16B3C5D30061047A /* libChipmunk.a */,
				9CAB4BBD16B3C5D30061047A /* libcocos2d.a */,
				9CAB4BBF16B3C5D30061047A /* libcocos2d-documentation.a */,
				9CAB4BC116B3C5D30061047A /* libCocosDenshion.a */,
				9CAB4BC316B3C5D30061047A /* libkazmath.a */,
				9CAB4BC516B3C5D30061047A /* liblibpng.a */,
				9CAB4BC716B3C5D30061047A /* ActionManagerTest.app */,
				9CAB4BC916B3C5D30061047A /* ActionsTest.app */,
				9CAB4BCB16B3C5D30061047A /* ActionsWithBlocksSample.app */,
				9CAB4BCD16B3C5D30061047A /* AttachTest.app */,
				9CAB4BCF16B3C5D30061047A /* Box2dAccelTouchTest.app */,
				9CAB4BD116B3C5D30061047A /* Box2dTestBed.app */,
				9CAB4BD316B3C5D30061047A /* ChipmunkAccelTouchTest.app */,
				9CAB4BD516B3C5D30061047A /* ClickAndMoveTest.app */,
				9CAB4BD716B3C5D30061047A /* CocosDenshion - Tom The Turret.app */,
				9CAB4BD916B3C5D30061047A /* CocosDenshion - Drum Pad.app */,
				9CAB4BDB16B3C5D30061047A /* CocosDenshion - Fade To Grey.app */,
				9CAB4BDD16B3C5D30061047A /* CocosDenshion - FancyRat Metering Demo.app */,
				9CAB4BDF16B3C5D30061047A /* DirectorTest.app */,
				9CAB4BE116B3C5D30061047A /* drawPrimitivesTest.app */,
				9CAB4BE316B3C5D30061047A /* EAGLViewTest.app */,
				9CAB4BE516B3C5D30061047A /* ActionsEaseTest.app */,
				9CAB4BE716B3C5D30061047A /* EffectsTest.app */,
				9CAB4BE916B3C5D30061047A /* EffectsAdvancedTest.app */,
				9CAB4BEB16B3C5D30061047A /* FileUtilsTest.app */,
				9CAB4BED16B3C5D30061047A /* FontTest.app */,
				9CAB4BEF16B3C5D30061047A /* IntervalTest.app */,
				9CAB4BF116B3C5D30061047A /* LabelTest.app */,
				9CAB4BF316B3C5D30061047A /* LayerTest.app */,
				9CAB4BF516B3C5D30061047A /* MenuTest.app */,
				9CAB4BF716B3C5D30061047A /* MotionStreakTest.app */,
				9CAB4BF916B3C5D30061047A /* MultithreadTest.app */,
				9CAB4BFB16B3C5D30061047A /* cocosnodeTest.app */,
				9CAB4BFD16B3C5D30061047A /* ParallaxTest.app */,
				9CAB4BFF16B3C5D30061047A /* ParticleTest.app */,
				9CAB4C0116B3C5D30061047A /* ActionsProgressTest.app */,
				9CAB4C0316B3C5D30061047A /* RenderTextureTest.app */,
				9CAB4C0516B3C5D30061047A /* RotateWorldTest.app */,
				9CAB4C0716B3C5D30061047A /* SceneTest.app */,
				9CAB4C0916B3C5D30061047A /* SchedulerTest.app */,
				9CAB4C0B16B3C5D30061047A /* ShaderTest.app */,
				9CAB4C0D16B3C5D30061047A /* SpriteTest.app */,
				9CAB4C0F16B3C5D30061047A /* Texture2dTest.app */,
				9CAB4C1116B3C5D30061047A /* TileMapTest.app */,
				9CAB4C1316B3C5D30061047A /* TouchesTest.app */,
				9CAB4C1516B3C5D30061047A /* TransitionsTest.app */,
				9CAB4C1716B3C5D30061047A /* ZwoptexTest.app */,
				9CAB4C1916B3C5D30061047A /* Bug350.app */,
				9CAB4C1B16B3C5D30061047A /* Bug422.app */,
				9CAB4C1D16B3C5D30061047A /* Bug458.app */,
				9CAB4C1F16B3C5D30061047A /* Bug624.app */,
				9CAB4C2116B3C5D30061047A /* Bug886.app */,
				9CAB4C2316B3C5D30061047A /* Bug899.app */,
				9CAB4C2516B3C5D30061047A /* Bug914.app */,
				9CAB4C2716B3C5D30061047A /* Bug1159.app */,
			);
			name = Products;
			sourceTree = "<group>";
		};
		9CAB4E8E16B470640061047A /* GameLayers */ = {
			isa = PBXGroup;
			children = (
				9CAB4E9216B470A40061047A /* GameBackgroundLayer.h */,
				9CAB4E9316B470A40061047A /* GameBackgroundLayer.m */,
				9CAB4E9516B470D80061047A /* GameGestureLayer.h */,
				9CAB4E9616B470D80061047A /* GameGestureLayer.m */,
				9CAB4E9916B4713D0061047A /* GameMonsterLayer.h */,
				9CAB4E9A16B4713D0061047A /* GameMonsterLayer.m */,
				9CAB4E9C16B471510061047A /* GameHUDLayer.h */,
				9CAB4E9D16B471510061047A /* GameHUDLayer.m */,
				9CAB4F9216B492760061047A /* GameHeroLayer.h */,
				9CAB4F9316B492760061047A /* GameHeroLayer.m */,
			);
			name = GameLayers;
			sourceTree = "<group>";
		};
		9CAB4F8716B489800061047A /* GameAssets */ = {
			isa = PBXGroup;
			children = (
				FF91403C16B4B2BB00A6E22E /* sine440.caf */,
				9CAB4F9916B49C580061047A /* gameBackground1-hd.png */,
				9CAB4F9A16B49C580061047A /* gameBackground1.png */,
				9CAB4F9B16B49C580061047A /* gameBackground2-hd.png */,
				9CAB4F9C16B49C580061047A /* gameBackground2.png */,
				9CAB4F9D16B49C580061047A /* gameBackgroundCloud-hd.png */,
				9CAB4F9E16B49C580061047A /* gameBackgroundCloud.png */,
				9CAB4F8E16B490D40061047A /* gameMonster_placeholder-hd.png */,
				9CAB4F8F16B490D40061047A /* gameMonster_placeholder.png */,
				9CAB4F9516B49AED0061047A /* gameHero_placeholder-hd.png */,
				9CAB4F9616B49AED0061047A /* gameHero_placeholder.png */,
			);
			name = GameAssets;
			sourceTree = "<group>";
		};
		B354826B16B3A75A004ECF7C /* NetworkTester */ = {
			isa = PBXGroup;
			children = (
				B354827416B3A75A004ECF7C /* NetworkTesterAppDelegate.h */,
				B354827516B3A75A004ECF7C /* NetworkTesterAppDelegate.m */,
				B3985A9716B46E07008081FB /* NetworkTesterRootViewController.h */,
				B3985A9816B46E07008081FB /* NetworkTesterRootViewController.m */,
				B3E1FF1416B476B500D940F0 /* NetworkTesterRootViewController.xib */,
				B354826C16B3A75A004ECF7C /* Supporting Files */,
			);
			path = NetworkTester;
			sourceTree = "<group>";
		};
		B354826C16B3A75A004ECF7C /* Supporting Files */ = {
			isa = PBXGroup;
			children = (
				B354826D16B3A75A004ECF7C /* NetworkTester-Info.plist */,
				B354826E16B3A75A004ECF7C /* InfoPlist.strings */,
				B354827116B3A75A004ECF7C /* main.m */,
				B354827316B3A75A004ECF7C /* NetworkTester-Prefix.pch */,
				B354827716B3A75A004ECF7C /* Default.png */,
				B354827916B3A75A004ECF7C /* Default@2x.png */,
				B354827B16B3A75A004ECF7C /* Default-568h@2x.png */,
			);
			name = "Supporting Files";
			sourceTree = "<group>";
		};
		B354828B16B3A77C004ECF7C /* UnitTests */ = {
			isa = PBXGroup;
			children = (
				B354829116B3A77C004ECF7C /* UnitTests.h */,
				B354829216B3A77C004ECF7C /* UnitTests.m */,
				B354828C16B3A77C004ECF7C /* Supporting Files */,
			);
			path = UnitTests;
			sourceTree = "<group>";
		};
		B354828C16B3A77C004ECF7C /* Supporting Files */ = {
			isa = PBXGroup;
			children = (
				B354828D16B3A77C004ECF7C /* UnitTests-Info.plist */,
				B354828E16B3A77C004ECF7C /* InfoPlist.strings */,
				B354829416B3A77C004ECF7C /* UnitTests-Prefix.pch */,
			);
			name = "Supporting Files";
			sourceTree = "<group>";
		};
		B3985A9216B46BB7008081FB /* GameEngine */ = {
			isa = PBXGroup;
			children = (
				B3985A9316B46BDD008081FB /* GameEngine.h */,
				B3985A9416B46BDD008081FB /* GameEngine.m */,
			);
			name = GameEngine;
			sourceTree = "<group>";
		};
/* End PBXGroup section */

/* Begin PBXNativeTarget section */
		9CAB47C816B39AC50061047A /* rant */ = {
			isa = PBXNativeTarget;
			buildConfigurationList = 9CAB496216B39AC70061047A /* Build configuration list for PBXNativeTarget "rant" */;
			buildPhases = (
				9CAB47C516B39AC50061047A /* Sources */,
				9CAB47C616B39AC50061047A /* Frameworks */,
				9CAB47C716B39AC50061047A /* Resources */,
			);
			buildRules = (
			);
			dependencies = (
			);
			name = rant;
			productName = rant;
			productReference = 9CAB47C916B39AC50061047A /* rant.app */;
			productType = "com.apple.product-type.application";
		};
		B354826516B3A75A004ECF7C /* NetworkTester */ = {
			isa = PBXNativeTarget;
			buildConfigurationList = B354827F16B3A75A004ECF7C /* Build configuration list for PBXNativeTarget "NetworkTester" */;
			buildPhases = (
				B354826216B3A75A004ECF7C /* Sources */,
				B354826316B3A75A004ECF7C /* Frameworks */,
				B354826416B3A75A004ECF7C /* Resources */,
			);
			buildRules = (
			);
			dependencies = (
			);
			name = NetworkTester;
			productName = NetworkTester;
			productReference = B354826616B3A75A004ECF7C /* NetworkTester.app */;
			productType = "com.apple.product-type.application";
		};
		B354828516B3A77C004ECF7C /* UnitTests */ = {
			isa = PBXNativeTarget;
			buildConfigurationList = B354829516B3A77C004ECF7C /* Build configuration list for PBXNativeTarget "UnitTests" */;
			buildPhases = (
				B354828116B3A77C004ECF7C /* Sources */,
				B354828216B3A77C004ECF7C /* Frameworks */,
				B354828316B3A77C004ECF7C /* Resources */,
				B354828416B3A77C004ECF7C /* ShellScript */,
			);
			buildRules = (
			);
			dependencies = (
			);
			name = UnitTests;
			productName = UnitTests;
			productReference = B354828616B3A77C004ECF7C /* UnitTests.octest */;
			productType = "com.apple.product-type.bundle";
		};
/* End PBXNativeTarget section */

/* Begin PBXProject section */
		9CAB47C016B39AC50061047A /* Project object */ = {
			isa = PBXProject;
			attributes = {
				LastUpgradeCheck = 0450;
			};
			buildConfigurationList = 9CAB47C316B39AC50061047A /* Build configuration list for PBXProject "rant" */;
			compatibilityVersion = "Xcode 3.2";
			developmentRegion = English;
			hasScannedForEncodings = 0;
			knownRegions = (
				en,
			);
			mainGroup = 9CAB47BE16B39AC50061047A;
			productRefGroup = 9CAB47CA16B39AC50061047A /* Products */;
			projectDirPath = "";
			projectReferences = (
				{
					ProductGroup = 9CAB4B4716B3C5D10061047A /* Products */;
					ProjectRef = 9CAB4B4616B3C5D10061047A /* cocos2d-ios.xcodeproj */;
				},
			);
			projectRoot = "";
			targets = (
				9CAB47C816B39AC50061047A /* rant */,
				B354826516B3A75A004ECF7C /* NetworkTester */,
				B354828516B3A77C004ECF7C /* UnitTests */,
			);
		};
/* End PBXProject section */

/* Begin PBXReferenceProxy section */
		9CAB4BB716B3C5D30061047A /* libbuild all tests.a */ = {
			isa = PBXReferenceProxy;
			fileType = archive.ar;
			path = "libbuild all tests.a";
			remoteRef = 9CAB4BB616B3C5D30061047A /* PBXContainerItemProxy */;
			sourceTree = BUILT_PRODUCTS_DIR;
		};
		9CAB4BB916B3C5D30061047A /* libbox2d.a */ = {
			isa = PBXReferenceProxy;
			fileType = archive.ar;
			path = libbox2d.a;
			remoteRef = 9CAB4BB816B3C5D30061047A /* PBXContainerItemProxy */;
			sourceTree = BUILT_PRODUCTS_DIR;
		};
		9CAB4BBB16B3C5D30061047A /* libChipmunk.a */ = {
			isa = PBXReferenceProxy;
			fileType = archive.ar;
			path = libChipmunk.a;
			remoteRef = 9CAB4BBA16B3C5D30061047A /* PBXContainerItemProxy */;
			sourceTree = BUILT_PRODUCTS_DIR;
		};
		9CAB4BBD16B3C5D30061047A /* libcocos2d.a */ = {
			isa = PBXReferenceProxy;
			fileType = archive.ar;
			path = libcocos2d.a;
			remoteRef = 9CAB4BBC16B3C5D30061047A /* PBXContainerItemProxy */;
			sourceTree = BUILT_PRODUCTS_DIR;
		};
		9CAB4BBF16B3C5D30061047A /* libcocos2d-documentation.a */ = {
			isa = PBXReferenceProxy;
			fileType = archive.ar;
			path = "libcocos2d-documentation.a";
			remoteRef = 9CAB4BBE16B3C5D30061047A /* PBXContainerItemProxy */;
			sourceTree = BUILT_PRODUCTS_DIR;
		};
		9CAB4BC116B3C5D30061047A /* libCocosDenshion.a */ = {
			isa = PBXReferenceProxy;
			fileType = archive.ar;
			path = libCocosDenshion.a;
			remoteRef = 9CAB4BC016B3C5D30061047A /* PBXContainerItemProxy */;
			sourceTree = BUILT_PRODUCTS_DIR;
		};
		9CAB4BC316B3C5D30061047A /* libkazmath.a */ = {
			isa = PBXReferenceProxy;
			fileType = archive.ar;
			path = libkazmath.a;
			remoteRef = 9CAB4BC216B3C5D30061047A /* PBXContainerItemProxy */;
			sourceTree = BUILT_PRODUCTS_DIR;
		};
		9CAB4BC516B3C5D30061047A /* liblibpng.a */ = {
			isa = PBXReferenceProxy;
			fileType = archive.ar;
			path = liblibpng.a;
			remoteRef = 9CAB4BC416B3C5D30061047A /* PBXContainerItemProxy */;
			sourceTree = BUILT_PRODUCTS_DIR;
		};
		9CAB4BC716B3C5D30061047A /* ActionManagerTest.app */ = {
			isa = PBXReferenceProxy;
			fileType = wrapper.application;
			path = ActionManagerTest.app;
			remoteRef = 9CAB4BC616B3C5D30061047A /* PBXContainerItemProxy */;
			sourceTree = BUILT_PRODUCTS_DIR;
		};
		9CAB4BC916B3C5D30061047A /* ActionsTest.app */ = {
			isa = PBXReferenceProxy;
			fileType = wrapper.application;
			path = ActionsTest.app;
			remoteRef = 9CAB4BC816B3C5D30061047A /* PBXContainerItemProxy */;
			sourceTree = BUILT_PRODUCTS_DIR;
		};
		9CAB4BCB16B3C5D30061047A /* ActionsWithBlocksSample.app */ = {
			isa = PBXReferenceProxy;
			fileType = wrapper.application;
			path = ActionsWithBlocksSample.app;
			remoteRef = 9CAB4BCA16B3C5D30061047A /* PBXContainerItemProxy */;
			sourceTree = BUILT_PRODUCTS_DIR;
		};
		9CAB4BCD16B3C5D30061047A /* AttachTest.app */ = {
			isa = PBXReferenceProxy;
			fileType = wrapper.application;
			path = AttachTest.app;
			remoteRef = 9CAB4BCC16B3C5D30061047A /* PBXContainerItemProxy */;
			sourceTree = BUILT_PRODUCTS_DIR;
		};
		9CAB4BCF16B3C5D30061047A /* Box2dAccelTouchTest.app */ = {
			isa = PBXReferenceProxy;
			fileType = wrapper.application;
			path = Box2dAccelTouchTest.app;
			remoteRef = 9CAB4BCE16B3C5D30061047A /* PBXContainerItemProxy */;
			sourceTree = BUILT_PRODUCTS_DIR;
		};
		9CAB4BD116B3C5D30061047A /* Box2dTestBed.app */ = {
			isa = PBXReferenceProxy;
			fileType = wrapper.application;
			path = Box2dTestBed.app;
			remoteRef = 9CAB4BD016B3C5D30061047A /* PBXContainerItemProxy */;
			sourceTree = BUILT_PRODUCTS_DIR;
		};
		9CAB4BD316B3C5D30061047A /* ChipmunkAccelTouchTest.app */ = {
			isa = PBXReferenceProxy;
			fileType = wrapper.application;
			path = ChipmunkAccelTouchTest.app;
			remoteRef = 9CAB4BD216B3C5D30061047A /* PBXContainerItemProxy */;
			sourceTree = BUILT_PRODUCTS_DIR;
		};
		9CAB4BD516B3C5D30061047A /* ClickAndMoveTest.app */ = {
			isa = PBXReferenceProxy;
			fileType = wrapper.application;
			path = ClickAndMoveTest.app;
			remoteRef = 9CAB4BD416B3C5D30061047A /* PBXContainerItemProxy */;
			sourceTree = BUILT_PRODUCTS_DIR;
		};
		9CAB4BD716B3C5D30061047A /* CocosDenshion - Tom The Turret.app */ = {
			isa = PBXReferenceProxy;
			fileType = wrapper.application;
			path = "CocosDenshion - Tom The Turret.app";
			remoteRef = 9CAB4BD616B3C5D30061047A /* PBXContainerItemProxy */;
			sourceTree = BUILT_PRODUCTS_DIR;
		};
		9CAB4BD916B3C5D30061047A /* CocosDenshion - Drum Pad.app */ = {
			isa = PBXReferenceProxy;
			fileType = wrapper.application;
			path = "CocosDenshion - Drum Pad.app";
			remoteRef = 9CAB4BD816B3C5D30061047A /* PBXContainerItemProxy */;
			sourceTree = BUILT_PRODUCTS_DIR;
		};
		9CAB4BDB16B3C5D30061047A /* CocosDenshion - Fade To Grey.app */ = {
			isa = PBXReferenceProxy;
			fileType = wrapper.application;
			path = "CocosDenshion - Fade To Grey.app";
			remoteRef = 9CAB4BDA16B3C5D30061047A /* PBXContainerItemProxy */;
			sourceTree = BUILT_PRODUCTS_DIR;
		};
		9CAB4BDD16B3C5D30061047A /* CocosDenshion - FancyRat Metering Demo.app */ = {
			isa = PBXReferenceProxy;
			fileType = wrapper.application;
			path = "CocosDenshion - FancyRat Metering Demo.app";
			remoteRef = 9CAB4BDC16B3C5D30061047A /* PBXContainerItemProxy */;
			sourceTree = BUILT_PRODUCTS_DIR;
		};
		9CAB4BDF16B3C5D30061047A /* DirectorTest.app */ = {
			isa = PBXReferenceProxy;
			fileType = wrapper.application;
			path = DirectorTest.app;
			remoteRef = 9CAB4BDE16B3C5D30061047A /* PBXContainerItemProxy */;
			sourceTree = BUILT_PRODUCTS_DIR;
		};
		9CAB4BE116B3C5D30061047A /* drawPrimitivesTest.app */ = {
			isa = PBXReferenceProxy;
			fileType = wrapper.application;
			path = drawPrimitivesTest.app;
			remoteRef = 9CAB4BE016B3C5D30061047A /* PBXContainerItemProxy */;
			sourceTree = BUILT_PRODUCTS_DIR;
		};
		9CAB4BE316B3C5D30061047A /* EAGLViewTest.app */ = {
			isa = PBXReferenceProxy;
			fileType = wrapper.application;
			path = EAGLViewTest.app;
			remoteRef = 9CAB4BE216B3C5D30061047A /* PBXContainerItemProxy */;
			sourceTree = BUILT_PRODUCTS_DIR;
		};
		9CAB4BE516B3C5D30061047A /* ActionsEaseTest.app */ = {
			isa = PBXReferenceProxy;
			fileType = wrapper.application;
			path = ActionsEaseTest.app;
			remoteRef = 9CAB4BE416B3C5D30061047A /* PBXContainerItemProxy */;
			sourceTree = BUILT_PRODUCTS_DIR;
		};
		9CAB4BE716B3C5D30061047A /* EffectsTest.app */ = {
			isa = PBXReferenceProxy;
			fileType = wrapper.application;
			path = EffectsTest.app;
			remoteRef = 9CAB4BE616B3C5D30061047A /* PBXContainerItemProxy */;
			sourceTree = BUILT_PRODUCTS_DIR;
		};
		9CAB4BE916B3C5D30061047A /* EffectsAdvancedTest.app */ = {
			isa = PBXReferenceProxy;
			fileType = wrapper.application;
			path = EffectsAdvancedTest.app;
			remoteRef = 9CAB4BE816B3C5D30061047A /* PBXContainerItemProxy */;
			sourceTree = BUILT_PRODUCTS_DIR;
		};
		9CAB4BEB16B3C5D30061047A /* FileUtilsTest.app */ = {
			isa = PBXReferenceProxy;
			fileType = wrapper.application;
			path = FileUtilsTest.app;
			remoteRef = 9CAB4BEA16B3C5D30061047A /* PBXContainerItemProxy */;
			sourceTree = BUILT_PRODUCTS_DIR;
		};
		9CAB4BED16B3C5D30061047A /* FontTest.app */ = {
			isa = PBXReferenceProxy;
			fileType = wrapper.application;
			path = FontTest.app;
			remoteRef = 9CAB4BEC16B3C5D30061047A /* PBXContainerItemProxy */;
			sourceTree = BUILT_PRODUCTS_DIR;
		};
		9CAB4BEF16B3C5D30061047A /* IntervalTest.app */ = {
			isa = PBXReferenceProxy;
			fileType = wrapper.application;
			path = IntervalTest.app;
			remoteRef = 9CAB4BEE16B3C5D30061047A /* PBXContainerItemProxy */;
			sourceTree = BUILT_PRODUCTS_DIR;
		};
		9CAB4BF116B3C5D30061047A /* LabelTest.app */ = {
			isa = PBXReferenceProxy;
			fileType = wrapper.application;
			path = LabelTest.app;
			remoteRef = 9CAB4BF016B3C5D30061047A /* PBXContainerItemProxy */;
			sourceTree = BUILT_PRODUCTS_DIR;
		};
		9CAB4BF316B3C5D30061047A /* LayerTest.app */ = {
			isa = PBXReferenceProxy;
			fileType = wrapper.application;
			path = LayerTest.app;
			remoteRef = 9CAB4BF216B3C5D30061047A /* PBXContainerItemProxy */;
			sourceTree = BUILT_PRODUCTS_DIR;
		};
		9CAB4BF516B3C5D30061047A /* MenuTest.app */ = {
			isa = PBXReferenceProxy;
			fileType = wrapper.application;
			path = MenuTest.app;
			remoteRef = 9CAB4BF416B3C5D30061047A /* PBXContainerItemProxy */;
			sourceTree = BUILT_PRODUCTS_DIR;
		};
		9CAB4BF716B3C5D30061047A /* MotionStreakTest.app */ = {
			isa = PBXReferenceProxy;
			fileType = wrapper.application;
			path = MotionStreakTest.app;
			remoteRef = 9CAB4BF616B3C5D30061047A /* PBXContainerItemProxy */;
			sourceTree = BUILT_PRODUCTS_DIR;
		};
		9CAB4BF916B3C5D30061047A /* MultithreadTest.app */ = {
			isa = PBXReferenceProxy;
			fileType = wrapper.application;
			path = MultithreadTest.app;
			remoteRef = 9CAB4BF816B3C5D30061047A /* PBXContainerItemProxy */;
			sourceTree = BUILT_PRODUCTS_DIR;
		};
		9CAB4BFB16B3C5D30061047A /* cocosnodeTest.app */ = {
			isa = PBXReferenceProxy;
			fileType = wrapper.application;
			path = cocosnodeTest.app;
			remoteRef = 9CAB4BFA16B3C5D30061047A /* PBXContainerItemProxy */;
			sourceTree = BUILT_PRODUCTS_DIR;
		};
		9CAB4BFD16B3C5D30061047A /* ParallaxTest.app */ = {
			isa = PBXReferenceProxy;
			fileType = wrapper.application;
			path = ParallaxTest.app;
			remoteRef = 9CAB4BFC16B3C5D30061047A /* PBXContainerItemProxy */;
			sourceTree = BUILT_PRODUCTS_DIR;
		};
		9CAB4BFF16B3C5D30061047A /* ParticleTest.app */ = {
			isa = PBXReferenceProxy;
			fileType = wrapper.application;
			path = ParticleTest.app;
			remoteRef = 9CAB4BFE16B3C5D30061047A /* PBXContainerItemProxy */;
			sourceTree = BUILT_PRODUCTS_DIR;
		};
		9CAB4C0116B3C5D30061047A /* ActionsProgressTest.app */ = {
			isa = PBXReferenceProxy;
			fileType = wrapper.application;
			path = ActionsProgressTest.app;
			remoteRef = 9CAB4C0016B3C5D30061047A /* PBXContainerItemProxy */;
			sourceTree = BUILT_PRODUCTS_DIR;
		};
		9CAB4C0316B3C5D30061047A /* RenderTextureTest.app */ = {
			isa = PBXReferenceProxy;
			fileType = wrapper.application;
			path = RenderTextureTest.app;
			remoteRef = 9CAB4C0216B3C5D30061047A /* PBXContainerItemProxy */;
			sourceTree = BUILT_PRODUCTS_DIR;
		};
		9CAB4C0516B3C5D30061047A /* RotateWorldTest.app */ = {
			isa = PBXReferenceProxy;
			fileType = wrapper.application;
			path = RotateWorldTest.app;
			remoteRef = 9CAB4C0416B3C5D30061047A /* PBXContainerItemProxy */;
			sourceTree = BUILT_PRODUCTS_DIR;
		};
		9CAB4C0716B3C5D30061047A /* SceneTest.app */ = {
			isa = PBXReferenceProxy;
			fileType = wrapper.application;
			path = SceneTest.app;
			remoteRef = 9CAB4C0616B3C5D30061047A /* PBXContainerItemProxy */;
			sourceTree = BUILT_PRODUCTS_DIR;
		};
		9CAB4C0916B3C5D30061047A /* SchedulerTest.app */ = {
			isa = PBXReferenceProxy;
			fileType = wrapper.application;
			path = SchedulerTest.app;
			remoteRef = 9CAB4C0816B3C5D30061047A /* PBXContainerItemProxy */;
			sourceTree = BUILT_PRODUCTS_DIR;
		};
		9CAB4C0B16B3C5D30061047A /* ShaderTest.app */ = {
			isa = PBXReferenceProxy;
			fileType = wrapper.application;
			path = ShaderTest.app;
			remoteRef = 9CAB4C0A16B3C5D30061047A /* PBXContainerItemProxy */;
			sourceTree = BUILT_PRODUCTS_DIR;
		};
		9CAB4C0D16B3C5D30061047A /* SpriteTest.app */ = {
			isa = PBXReferenceProxy;
			fileType = wrapper.application;
			path = SpriteTest.app;
			remoteRef = 9CAB4C0C16B3C5D30061047A /* PBXContainerItemProxy */;
			sourceTree = BUILT_PRODUCTS_DIR;
		};
		9CAB4C0F16B3C5D30061047A /* Texture2dTest.app */ = {
			isa = PBXReferenceProxy;
			fileType = wrapper.application;
			path = Texture2dTest.app;
			remoteRef = 9CAB4C0E16B3C5D30061047A /* PBXContainerItemProxy */;
			sourceTree = BUILT_PRODUCTS_DIR;
		};
		9CAB4C1116B3C5D30061047A /* TileMapTest.app */ = {
			isa = PBXReferenceProxy;
			fileType = wrapper.application;
			path = TileMapTest.app;
			remoteRef = 9CAB4C1016B3C5D30061047A /* PBXContainerItemProxy */;
			sourceTree = BUILT_PRODUCTS_DIR;
		};
		9CAB4C1316B3C5D30061047A /* TouchesTest.app */ = {
			isa = PBXReferenceProxy;
			fileType = wrapper.application;
			path = TouchesTest.app;
			remoteRef = 9CAB4C1216B3C5D30061047A /* PBXContainerItemProxy */;
			sourceTree = BUILT_PRODUCTS_DIR;
		};
		9CAB4C1516B3C5D30061047A /* TransitionsTest.app */ = {
			isa = PBXReferenceProxy;
			fileType = wrapper.application;
			path = TransitionsTest.app;
			remoteRef = 9CAB4C1416B3C5D30061047A /* PBXContainerItemProxy */;
			sourceTree = BUILT_PRODUCTS_DIR;
		};
		9CAB4C1716B3C5D30061047A /* ZwoptexTest.app */ = {
			isa = PBXReferenceProxy;
			fileType = wrapper.application;
			path = ZwoptexTest.app;
			remoteRef = 9CAB4C1616B3C5D30061047A /* PBXContainerItemProxy */;
			sourceTree = BUILT_PRODUCTS_DIR;
		};
		9CAB4C1916B3C5D30061047A /* Bug350.app */ = {
			isa = PBXReferenceProxy;
			fileType = wrapper.application;
			path = Bug350.app;
			remoteRef = 9CAB4C1816B3C5D30061047A /* PBXContainerItemProxy */;
			sourceTree = BUILT_PRODUCTS_DIR;
		};
		9CAB4C1B16B3C5D30061047A /* Bug422.app */ = {
			isa = PBXReferenceProxy;
			fileType = wrapper.application;
			path = Bug422.app;
			remoteRef = 9CAB4C1A16B3C5D30061047A /* PBXContainerItemProxy */;
			sourceTree = BUILT_PRODUCTS_DIR;
		};
		9CAB4C1D16B3C5D30061047A /* Bug458.app */ = {
			isa = PBXReferenceProxy;
			fileType = wrapper.application;
			path = Bug458.app;
			remoteRef = 9CAB4C1C16B3C5D30061047A /* PBXContainerItemProxy */;
			sourceTree = BUILT_PRODUCTS_DIR;
		};
		9CAB4C1F16B3C5D30061047A /* Bug624.app */ = {
			isa = PBXReferenceProxy;
			fileType = wrapper.application;
			path = Bug624.app;
			remoteRef = 9CAB4C1E16B3C5D30061047A /* PBXContainerItemProxy */;
			sourceTree = BUILT_PRODUCTS_DIR;
		};
		9CAB4C2116B3C5D30061047A /* Bug886.app */ = {
			isa = PBXReferenceProxy;
			fileType = wrapper.application;
			path = Bug886.app;
			remoteRef = 9CAB4C2016B3C5D30061047A /* PBXContainerItemProxy */;
			sourceTree = BUILT_PRODUCTS_DIR;
		};
		9CAB4C2316B3C5D30061047A /* Bug899.app */ = {
			isa = PBXReferenceProxy;
			fileType = wrapper.application;
			path = Bug899.app;
			remoteRef = 9CAB4C2216B3C5D30061047A /* PBXContainerItemProxy */;
			sourceTree = BUILT_PRODUCTS_DIR;
		};
		9CAB4C2516B3C5D30061047A /* Bug914.app */ = {
			isa = PBXReferenceProxy;
			fileType = wrapper.application;
			path = Bug914.app;
			remoteRef = 9CAB4C2416B3C5D30061047A /* PBXContainerItemProxy */;
			sourceTree = BUILT_PRODUCTS_DIR;
		};
		9CAB4C2716B3C5D30061047A /* Bug1159.app */ = {
			isa = PBXReferenceProxy;
			fileType = wrapper.application;
			path = Bug1159.app;
			remoteRef = 9CAB4C2616B3C5D30061047A /* PBXContainerItemProxy */;
			sourceTree = BUILT_PRODUCTS_DIR;
		};
/* End PBXReferenceProxy section */

/* Begin PBXResourcesBuildPhase section */
		9CAB47C716B39AC50061047A /* Resources */ = {
			isa = PBXResourcesBuildPhase;
			buildActionMask = 2147483647;
			files = (
				9CAB47E216B39AC50061047A /* Default.png in Resources */,
				9CAB47E416B39AC50061047A /* Default-Landscape~ipad.png in Resources */,
				9CAB47E616B39AC50061047A /* fps_images.png in Resources */,
				9CAB47E816B39AC50061047A /* fps_images-hd.png in Resources */,
				9CAB47EA16B39AC50061047A /* fps_images-ipadhd.png in Resources */,
				9CAB47EC16B39AC50061047A /* Icon-72.png in Resources */,
				9CAB47EE16B39AC50061047A /* Icon-Small-50.png in Resources */,
				9CAB47F016B39AC50061047A /* Icon-Small.png in Resources */,
				9CAB47F216B39AC50061047A /* Icon-Small@2x.png in Resources */,
				9CAB47F416B39AC50061047A /* Icon.png in Resources */,
				9CAB47F616B39AC50061047A /* Icon@2x.png in Resources */,
				9CAB47F916B39AC50061047A /* iTunesArtwork in Resources */,
				0AC19F4216B46D0F00FC5541 /* start-menu-button-hd.png in Resources */,
				0AC19F4316B46D0F00FC5541 /* start-menu-button-pressed-hd.png in Resources */,
				0AC19F4416B46D0F00FC5541 /* start-menu-button-pressed.png in Resources */,
				0AC19F4516B46D0F00FC5541 /* start-menu-button.png in Resources */,
				9CAB4F9016B490D40061047A /* gameMonster_placeholder-hd.png in Resources */,
				9CAB4F9116B490D40061047A /* gameMonster_placeholder.png in Resources */,
				9CAB4F9716B49AED0061047A /* gameHero_placeholder-hd.png in Resources */,
				9CAB4F9816B49AED0061047A /* gameHero_placeholder.png in Resources */,
				9CAB4F9F16B49C580061047A /* gameBackground1-hd.png in Resources */,
				9CAB4FA016B49C580061047A /* gameBackground1.png in Resources */,
				9CAB4FA116B49C580061047A /* gameBackground2-hd.png in Resources */,
				9CAB4FA216B49C580061047A /* gameBackground2.png in Resources */,
				9CAB4FA316B49C580061047A /* gameBackgroundCloud-hd.png in Resources */,
				9CAB4FA416B49C580061047A /* gameBackgroundCloud.png in Resources */,
				FF91403D16B4B2BB00A6E22E /* sine440.caf in Resources */,
			);
			runOnlyForDeploymentPostprocessing = 0;
		};
		B354826416B3A75A004ECF7C /* Resources */ = {
			isa = PBXResourcesBuildPhase;
			buildActionMask = 2147483647;
			files = (
				B354827016B3A75A004ECF7C /* InfoPlist.strings in Resources */,
				B354827816B3A75A004ECF7C /* Default.png in Resources */,
				B354827A16B3A75A004ECF7C /* Default@2x.png in Resources */,
				B354827C16B3A75A004ECF7C /* Default-568h@2x.png in Resources */,
				B3E1FF1516B476B500D940F0 /* NetworkTesterRootViewController.xib in Resources */,
			);
			runOnlyForDeploymentPostprocessing = 0;
		};
		B354828316B3A77C004ECF7C /* Resources */ = {
			isa = PBXResourcesBuildPhase;
			buildActionMask = 2147483647;
			files = (
				B354829016B3A77C004ECF7C /* InfoPlist.strings in Resources */,
				FF91403E16B4B2BB00A6E22E /* sine440.caf in Resources */,
			);
			runOnlyForDeploymentPostprocessing = 0;
		};
/* End PBXResourcesBuildPhase section */

/* Begin PBXShellScriptBuildPhase section */
		B354828416B3A77C004ECF7C /* ShellScript */ = {
			isa = PBXShellScriptBuildPhase;
			buildActionMask = 2147483647;
			files = (
			);
			inputPaths = (
			);
			outputPaths = (
			);
			runOnlyForDeploymentPostprocessing = 0;
			shellPath = /bin/sh;
			shellScript = "# Run the unit tests in this test bundle.\n\"${SYSTEM_DEVELOPER_DIR}/Tools/RunUnitTests\"\n";
		};
/* End PBXShellScriptBuildPhase section */

/* Begin PBXSourcesBuildPhase section */
		9CAB47C516B39AC50061047A /* Sources */ = {
			isa = PBXSourcesBuildPhase;
			buildActionMask = 2147483647;
			files = (
				0AC19F5116B46F8600FC5541 /* GameScene.m in Sources */,
				0AC19F5016B46F2600FC5541 /* ResultsScene.m in Sources */,
				0AC19F4F16B46F2100FC5541 /* MainMenuScene.m in Sources */,
				0AC19EB616B4670300FC5541 /* LobbyScene.m in Sources */,
				9CAB495616B39AC70061047A /* main.m in Sources */,
				9CAB495916B39AC70061047A /* AppDelegate.m in Sources */,
				B3985A9516B46BDD008081FB /* GameEngine.m in Sources */,
				9CAB4E9416B470A40061047A /* GameBackgroundLayer.m in Sources */,
				9CAB4E9716B470D80061047A /* GameGestureLayer.m in Sources */,
				9CAB4E9B16B4713D0061047A /* GameMonsterLayer.m in Sources */,
				9CAB4E9E16B471520061047A /* GameHUDLayer.m in Sources */,
				9CAB4F9416B492770061047A /* GameHeroLayer.m in Sources */,
				B3E1FF9A16B497A200D940F0 /* Util.m in Sources */,
			);
			runOnlyForDeploymentPostprocessing = 0;
		};
		B354826216B3A75A004ECF7C /* Sources */ = {
			isa = PBXSourcesBuildPhase;
			buildActionMask = 2147483647;
			files = (
				B354827216B3A75A004ECF7C /* main.m in Sources */,
				B354827616B3A75A004ECF7C /* NetworkTesterAppDelegate.m in Sources */,
				B3985A9616B46BDD008081FB /* GameEngine.m in Sources */,
				B3985A9A16B46E07008081FB /* NetworkTesterRootViewController.m in Sources */,
				B3E1FF9B16B497A200D940F0 /* Util.m in Sources */,
			);
			runOnlyForDeploymentPostprocessing = 0;
		};
		B354828116B3A77C004ECF7C /* Sources */ = {
			isa = PBXSourcesBuildPhase;
			buildActionMask = 2147483647;
			files = (
				B354829316B3A77C004ECF7C /* UnitTests.m in Sources */,
				0AC19EB516B4652300FC5541 /* LobbyScene.m in Sources */,
				0AC19F4C16B46E4200FC5541 /* GameScene.m in Sources */,
				0AC19F4D16B46E4200FC5541 /* MainMenuScene.m in Sources */,
				0AC19F4E16B46E4200FC5541 /* ResultsScene.m in Sources */,
			);
			runOnlyForDeploymentPostprocessing = 0;
		};
/* End PBXSourcesBuildPhase section */

/* Begin PBXVariantGroup section */
		B354826E16B3A75A004ECF7C /* InfoPlist.strings */ = {
			isa = PBXVariantGroup;
			children = (
				B354826F16B3A75A004ECF7C /* en */,
			);
			name = InfoPlist.strings;
			sourceTree = "<group>";
		};
		B354828E16B3A77C004ECF7C /* InfoPlist.strings */ = {
			isa = PBXVariantGroup;
			children = (
				B354828F16B3A77C004ECF7C /* en */,
			);
			name = InfoPlist.strings;
			sourceTree = "<group>";
		};
/* End PBXVariantGroup section */

/* Begin XCBuildConfiguration section */
		9CAB496016B39AC70061047A /* Debug */ = {
			isa = XCBuildConfiguration;
			buildSettings = {
				ARCHS = "$(ARCHS_STANDARD_32_BIT)";
				"CODE_SIGN_IDENTITY[sdk=iphoneos*]" = "iPhone Developer";
				GCC_C_LANGUAGE_STANDARD = gnu99;
				GCC_OPTIMIZATION_LEVEL = 0;
				GCC_PREPROCESSOR_DEFINITIONS = (
					DEBUG,
					"COCOS2D_DEBUG=1",
				);
				GCC_SYMBOLS_PRIVATE_EXTERN = NO;
				GCC_VERSION = com.apple.compilers.llvm.clang.1_0;
				GCC_WARN_ABOUT_RETURN_TYPE = YES;
				GCC_WARN_UNUSED_VARIABLE = YES;
				IPHONEOS_DEPLOYMENT_TARGET = 5.1;
				SDKROOT = iphoneos;
				TARGETED_DEVICE_FAMILY = 1;
			};
			name = Debug;
		};
		9CAB496116B39AC70061047A /* Release */ = {
			isa = XCBuildConfiguration;
			buildSettings = {
				ARCHS = "$(ARCHS_STANDARD_32_BIT)";
				"CODE_SIGN_IDENTITY[sdk=iphoneos*]" = "iPhone Developer";
				GCC_C_LANGUAGE_STANDARD = gnu99;
				GCC_PREPROCESSOR_DEFINITIONS = (
					NDEBUG,
					"NS_BLOCK_ASSERTIONS=1",
				);
				GCC_VERSION = com.apple.compilers.llvm.clang.1_0;
				GCC_WARN_ABOUT_RETURN_TYPE = YES;
				GCC_WARN_UNUSED_VARIABLE = YES;
				IPHONEOS_DEPLOYMENT_TARGET = 5.1;
				SDKROOT = iphoneos;
				TARGETED_DEVICE_FAMILY = 1;
			};
			name = Release;
		};
		9CAB496316B39AC70061047A /* Debug */ = {
			isa = XCBuildConfiguration;
			buildSettings = {
				ALWAYS_SEARCH_USER_PATHS = NO;
				CLANG_ENABLE_OBJC_ARC = YES;
				CLANG_WARN_OBJCPP_ARC_ABI = YES;
				COPY_PHASE_STRIP = NO;
				GCC_DYNAMIC_NO_PIC = NO;
				GCC_PRECOMPILE_PREFIX_HEADER = YES;
				GCC_PREFIX_HEADER = rant/Prefix.pch;
				HEADER_SEARCH_PATHS = (
					"\"rant/libs/kazmath/include\"",
					"$(PROJECT_DIR)/../cocos2d-iphone-2.0/**",
				);
				INFOPLIST_FILE = rant/Resources/Info.plist;
				IPHONEOS_DEPLOYMENT_TARGET = 5.0;
				OTHER_LDFLAGS = (
					"-lz",
					"-ObjC",
				);
				PRODUCT_NAME = "$(TARGET_NAME)";
				WRAPPER_EXTENSION = app;
			};
			name = Debug;
		};
		9CAB496416B39AC70061047A /* Release */ = {
			isa = XCBuildConfiguration;
			buildSettings = {
				ALWAYS_SEARCH_USER_PATHS = NO;
				CLANG_ENABLE_OBJC_ARC = YES;
				CLANG_WARN_OBJCPP_ARC_ABI = YES;
				COPY_PHASE_STRIP = YES;
				GCC_PRECOMPILE_PREFIX_HEADER = YES;
				GCC_PREFIX_HEADER = rant/Prefix.pch;
				HEADER_SEARCH_PATHS = (
					"\"rant/libs/kazmath/include\"",
					"$(PROJECT_DIR)/../cocos2d-iphone-2.0/**",
				);
				INFOPLIST_FILE = rant/Resources/Info.plist;
				IPHONEOS_DEPLOYMENT_TARGET = 5.0;
				OTHER_LDFLAGS = (
					"-lz",
					"-ObjC",
				);
				PRODUCT_NAME = "$(TARGET_NAME)";
				VALIDATE_PRODUCT = YES;
				WRAPPER_EXTENSION = app;
			};
			name = Release;
		};
		B354827D16B3A75A004ECF7C /* Debug */ = {
			isa = XCBuildConfiguration;
			buildSettings = {
				ALWAYS_SEARCH_USER_PATHS = NO;
				CLANG_CXX_LANGUAGE_STANDARD = "gnu++0x";
				CLANG_CXX_LIBRARY = "libc++";
				CLANG_ENABLE_OBJC_ARC = YES;
				CLANG_WARN_EMPTY_BODY = YES;
				CLANG_WARN__DUPLICATE_METHOD_MATCH = YES;
				"CODE_SIGN_IDENTITY[sdk=iphoneos*]" = "iPhone Developer";
				COPY_PHASE_STRIP = NO;
				GCC_DYNAMIC_NO_PIC = NO;
				GCC_PRECOMPILE_PREFIX_HEADER = YES;
				GCC_PREFIX_HEADER = "NetworkTester/NetworkTester-Prefix.pch";
				GCC_PREPROCESSOR_DEFINITIONS = (
					"DEBUG=1",
					"$(inherited)",
				);
				GCC_WARN_UNINITIALIZED_AUTOS = YES;
				INFOPLIST_FILE = "NetworkTester/NetworkTester-Info.plist";
				IPHONEOS_DEPLOYMENT_TARGET = 5.1;
				ONLY_ACTIVE_ARCH = YES;
				PRODUCT_NAME = "$(TARGET_NAME)";
				TARGETED_DEVICE_FAMILY = "1,2";
				WRAPPER_EXTENSION = app;
			};
			name = Debug;
		};
		B354827E16B3A75A004ECF7C /* Release */ = {
			isa = XCBuildConfiguration;
			buildSettings = {
				ALWAYS_SEARCH_USER_PATHS = NO;
				CLANG_CXX_LANGUAGE_STANDARD = "gnu++0x";
				CLANG_CXX_LIBRARY = "libc++";
				CLANG_ENABLE_OBJC_ARC = YES;
				CLANG_WARN_EMPTY_BODY = YES;
				CLANG_WARN__DUPLICATE_METHOD_MATCH = YES;
				"CODE_SIGN_IDENTITY[sdk=iphoneos*]" = "iPhone Developer";
				COPY_PHASE_STRIP = YES;
				GCC_PRECOMPILE_PREFIX_HEADER = YES;
				GCC_PREFIX_HEADER = "NetworkTester/NetworkTester-Prefix.pch";
				GCC_WARN_UNINITIALIZED_AUTOS = YES;
				INFOPLIST_FILE = "NetworkTester/NetworkTester-Info.plist";
				IPHONEOS_DEPLOYMENT_TARGET = 5.1;
				OTHER_CFLAGS = "-DNS_BLOCK_ASSERTIONS=1";
				PRODUCT_NAME = "$(TARGET_NAME)";
				TARGETED_DEVICE_FAMILY = "1,2";
				VALIDATE_PRODUCT = YES;
				WRAPPER_EXTENSION = app;
			};
			name = Release;
		};
		B354829616B3A77C004ECF7C /* Debug */ = {
			isa = XCBuildConfiguration;
			buildSettings = {
				ALWAYS_SEARCH_USER_PATHS = NO;
				CLANG_CXX_LANGUAGE_STANDARD = "gnu++0x";
				CLANG_CXX_LIBRARY = "libc++";
				CLANG_ENABLE_OBJC_ARC = YES;
				CLANG_WARN_EMPTY_BODY = YES;
				CLANG_WARN__DUPLICATE_METHOD_MATCH = YES;
				COPY_PHASE_STRIP = NO;
				FRAMEWORK_SEARCH_PATHS = (
					"\"$(SDKROOT)/Developer/Library/Frameworks\"",
					"\"$(DEVELOPER_LIBRARY_DIR)/Frameworks\"",
				);
				GCC_DYNAMIC_NO_PIC = NO;
				GCC_PRECOMPILE_PREFIX_HEADER = YES;
				GCC_PREFIX_HEADER = "UnitTests/UnitTests-Prefix.pch";
				GCC_PREPROCESSOR_DEFINITIONS = (
					"DEBUG=1",
					"$(inherited)",
				);
				GCC_WARN_UNINITIALIZED_AUTOS = YES;
				INFOPLIST_FILE = "UnitTests/UnitTests-Info.plist";
				IPHONEOS_DEPLOYMENT_TARGET = 5.1;
				ONLY_ACTIVE_ARCH = YES;
				PRODUCT_NAME = "$(TARGET_NAME)";
				WRAPPER_EXTENSION = octest;
			};
			name = Debug;
		};
		B354829716B3A77C004ECF7C /* Release */ = {
			isa = XCBuildConfiguration;
			buildSettings = {
				ALWAYS_SEARCH_USER_PATHS = NO;
				CLANG_CXX_LANGUAGE_STANDARD = "gnu++0x";
				CLANG_CXX_LIBRARY = "libc++";
				CLANG_ENABLE_OBJC_ARC = YES;
				CLANG_WARN_EMPTY_BODY = YES;
				CLANG_WARN__DUPLICATE_METHOD_MATCH = YES;
				COPY_PHASE_STRIP = YES;
				FRAMEWORK_SEARCH_PATHS = (
					"\"$(SDKROOT)/Developer/Library/Frameworks\"",
					"\"$(DEVELOPER_LIBRARY_DIR)/Frameworks\"",
				);
				GCC_PRECOMPILE_PREFIX_HEADER = YES;
				GCC_PREFIX_HEADER = "UnitTests/UnitTests-Prefix.pch";
				GCC_WARN_UNINITIALIZED_AUTOS = YES;
				INFOPLIST_FILE = "UnitTests/UnitTests-Info.plist";
				IPHONEOS_DEPLOYMENT_TARGET = 5.1;
				PRODUCT_NAME = "$(TARGET_NAME)";
				VALIDATE_PRODUCT = YES;
				WRAPPER_EXTENSION = octest;
			};
			name = Release;
		};
/* End XCBuildConfiguration section */

/* Begin XCConfigurationList section */
		9CAB47C316B39AC50061047A /* Build configuration list for PBXProject "rant" */ = {
			isa = XCConfigurationList;
			buildConfigurations = (
				9CAB496016B39AC70061047A /* Debug */,
				9CAB496116B39AC70061047A /* Release */,
			);
			defaultConfigurationIsVisible = 0;
			defaultConfigurationName = Release;
		};
		9CAB496216B39AC70061047A /* Build configuration list for PBXNativeTarget "rant" */ = {
			isa = XCConfigurationList;
			buildConfigurations = (
				9CAB496316B39AC70061047A /* Debug */,
				9CAB496416B39AC70061047A /* Release */,
			);
			defaultConfigurationIsVisible = 0;
			defaultConfigurationName = Release;
		};
		B354827F16B3A75A004ECF7C /* Build configuration list for PBXNativeTarget "NetworkTester" */ = {
			isa = XCConfigurationList;
			buildConfigurations = (
				B354827D16B3A75A004ECF7C /* Debug */,
				B354827E16B3A75A004ECF7C /* Release */,
			);
			defaultConfigurationIsVisible = 0;
			defaultConfigurationName = Release;
		};
		B354829516B3A77C004ECF7C /* Build configuration list for PBXNativeTarget "UnitTests" */ = {
			isa = XCConfigurationList;
			buildConfigurations = (
				B354829616B3A77C004ECF7C /* Debug */,
				B354829716B3A77C004ECF7C /* Release */,
			);
			defaultConfigurationIsVisible = 0;
			defaultConfigurationName = Release;
		};
/* End XCConfigurationList section */
	};
	rootObject = 9CAB47C016B39AC50061047A /* Project object */;
}
